// !$*UTF8*$!
{
	archiveVersion = 1;
	classes = {
	};
	objectVersion = 46;
	objects = {

/* Begin PBXBuildFile section */
		20251C0F1ABA1E1A004D6851 /* NSDate+CalendarGrid.h in Headers */ = {isa = PBXBuildFile; fileRef = 207DFF9015E1E3BE00A0BC2A /* NSDate+CalendarGrid.h */; settings = {ATTRIBUTES = (Public, ); }; };
		204C73E61ABA0EA600A68988 /* tapku.h in Headers */ = {isa = PBXBuildFile; fileRef = 204C73E51ABA0EA600A68988 /* tapku.h */; settings = {ATTRIBUTES = (Public, ); }; };
		204C74061ABA0F9400A68988 /* TapkuLibrary.h in Headers */ = {isa = PBXBuildFile; fileRef = 3BAC9A1B10953E5200F235F1 /* TapkuLibrary.h */; settings = {ATTRIBUTES = (Public, ); }; };
		204C74071ABA0F9400A68988 /* TKGlobal.h in Headers */ = {isa = PBXBuildFile; fileRef = 3BAC9A1D10953E5200F235F1 /* TKGlobal.h */; settings = {ATTRIBUTES = (Public, ); }; };
		204C74151ABA0F9400A68988 /* UIImage+TKCategory.h in Headers */ = {isa = PBXBuildFile; fileRef = 3BAC9A1F10953E5200F235F1 /* UIImage+TKCategory.h */; settings = {ATTRIBUTES = (Public, ); }; };
		204C74251ABA0F9500A68988 /* TKAppDelegate.h in Headers */ = {isa = PBXBuildFile; fileRef = 3B9D93D812F74F8F007D839C /* TKAppDelegate.h */; settings = {ATTRIBUTES = (Public, ); }; };
		204C74271ABA0F9500A68988 /* TKViewController.h in Headers */ = {isa = PBXBuildFile; fileRef = 3B819B5214601DC400EC0097 /* TKViewController.h */; settings = {ATTRIBUTES = (Public, ); }; };
		204C742A1ABA0F9500A68988 /* TKAlertViewController.h in Headers */ = {isa = PBXBuildFile; fileRef = 202DD0C9188EF01200D5541E /* TKAlertViewController.h */; settings = {ATTRIBUTES = (Public, ); }; };
		204C74311ABA0F9500A68988 /* TKNetworkQueue.h in Headers */ = {isa = PBXBuildFile; fileRef = 3B17D287142E3CD40090616F /* TKNetworkQueue.h */; settings = {ATTRIBUTES = (Public, ); }; };
		204C74321ABA0F9500A68988 /* TKHTTPRequest.h in Headers */ = {isa = PBXBuildFile; fileRef = 3B17D26A142E31C40090616F /* TKHTTPRequest.h */; settings = {ATTRIBUTES = (Public, ); }; };
		204C74331ABA0F9500A68988 /* TKImageCache.h in Headers */ = {isa = PBXBuildFile; fileRef = 3B560B7014574E30005FBDBF /* TKImageCache.h */; settings = {ATTRIBUTES = (Public, ); }; };
		204C74341ABA0F9500A68988 /* TKCalendarMonthViewController.h in Headers */ = {isa = PBXBuildFile; fileRef = 3BAC99FE10953E2400F235F1 /* TKCalendarMonthViewController.h */; settings = {ATTRIBUTES = (Public, ); }; };
		204C74351ABA0F9500A68988 /* TKCalendarMonthTableViewController.h in Headers */ = {isa = PBXBuildFile; fileRef = 3B879FC4109BFC07002012FD /* TKCalendarMonthTableViewController.h */; settings = {ATTRIBUTES = (Public, ); }; };
		204C74361ABA0F9600A68988 /* TKCalendarMonthView.h in Headers */ = {isa = PBXBuildFile; fileRef = 3B9724B911C54C5C0027A97F /* TKCalendarMonthView.h */; settings = {ATTRIBUTES = (Public, ); }; };
		204C74381ABA0F9600A68988 /* TKCalendarDayViewController.h in Headers */ = {isa = PBXBuildFile; fileRef = 3BAC9A0510953E2400F235F1 /* TKCalendarDayViewController.h */; settings = {ATTRIBUTES = (Public, ); }; };
		204C74391ABA0F9600A68988 /* TKCalendarDayView.h in Headers */ = {isa = PBXBuildFile; fileRef = 3BAC9A0310953E2400F235F1 /* TKCalendarDayView.h */; settings = {ATTRIBUTES = (Public, ); }; };
		204C743A1ABA0F9600A68988 /* TKCalendarDayEventView.h in Headers */ = {isa = PBXBuildFile; fileRef = 3BAC9A0110953E2400F235F1 /* TKCalendarDayEventView.h */; settings = {ATTRIBUTES = (Public, ); }; };
		204C743C1ABA0F9600A68988 /* TKAlertCenter.h in Headers */ = {isa = PBXBuildFile; fileRef = 3BD32970125B753900BE5EAF /* TKAlertCenter.h */; settings = {ATTRIBUTES = (Public, ); }; };
		204C743D1ABA0F9600A68988 /* TKProgressAlertView.h in Headers */ = {isa = PBXBuildFile; fileRef = 3BA577B81199DF1600ECB85B /* TKProgressAlertView.h */; settings = {ATTRIBUTES = (Public, ); }; };
		204C743E1ABA0F9600A68988 /* TKProgressBarView.h in Headers */ = {isa = PBXBuildFile; fileRef = 3BB92D2011896022002FA0F9 /* TKProgressBarView.h */; settings = {ATTRIBUTES = (Public, ); }; };
		204C743F1ABA0F9600A68988 /* TKProgressCircleView.h in Headers */ = {isa = PBXBuildFile; fileRef = 3BEE1CB912CFB78300FECF6D /* TKProgressCircleView.h */; settings = {ATTRIBUTES = (Public, ); }; };
		204C74401ABA0F9600A68988 /* TKLabelCell.h in Headers */ = {isa = PBXBuildFile; fileRef = 3BAC9A2710953E5200F235F1 /* TKLabelCell.h */; settings = {ATTRIBUTES = (Public, ); }; };
		204C74411ABA0F9600A68988 /* TKLabelFieldCell.h in Headers */ = {isa = PBXBuildFile; fileRef = 3BAC9A2910953E5200F235F1 /* TKLabelFieldCell.h */; settings = {ATTRIBUTES = (Public, ); }; };
		204C74421ABA0F9600A68988 /* TKLabelSwitchCell.h in Headers */ = {isa = PBXBuildFile; fileRef = 3BAC9A2B10953E5200F235F1 /* TKLabelSwitchCell.h */; settings = {ATTRIBUTES = (Public, ); }; };
		204C74431ABA0F9600A68988 /* TKLabelTextFieldCell.h in Headers */ = {isa = PBXBuildFile; fileRef = 3BAC9A2D10953E5200F235F1 /* TKLabelTextFieldCell.h */; settings = {ATTRIBUTES = (Public, ); }; };
		204C74441ABA0F9600A68988 /* TKLabelTextViewCell.h in Headers */ = {isa = PBXBuildFile; fileRef = 3BAC9A2F10953E5200F235F1 /* TKLabelTextViewCell.h */; settings = {ATTRIBUTES = (Public, ); }; };
		204C74451ABA0F9600A68988 /* TKButtonCell.h in Headers */ = {isa = PBXBuildFile; fileRef = 3BAC9A3110953E5200F235F1 /* TKButtonCell.h */; settings = {ATTRIBUTES = (Public, ); }; };
		204C74481ABA0F9700A68988 /* TKTextViewCell.h in Headers */ = {isa = PBXBuildFile; fileRef = 3BAC9A3510953E5200F235F1 /* TKTextViewCell.h */; settings = {ATTRIBUTES = (Public, ); }; };
		204C74491ABA0F9700A68988 /* TKTableViewCell.h in Headers */ = {isa = PBXBuildFile; fileRef = 3BAC9A3C10953E5200F235F1 /* TKTableViewCell.h */; settings = {ATTRIBUTES = (Public, ); }; };
		204C744B1ABA0F9700A68988 /* TKCoverflowView.h in Headers */ = {isa = PBXBuildFile; fileRef = 2057363216A330E700F8CDE6 /* TKCoverflowView.h */; settings = {ATTRIBUTES = (Public, ); }; };
		204C744C1ABA0F9700A68988 /* TKEmptyView.h in Headers */ = {isa = PBXBuildFile; fileRef = 3BAC9A4E10953E5200F235F1 /* TKEmptyView.h */; settings = {ATTRIBUTES = (Public, ); }; };
		204C744D1ABA0F9700A68988 /* TKReorderTableView.h in Headers */ = {isa = PBXBuildFile; fileRef = 2014592617A1077D00629488 /* TKReorderTableView.h */; settings = {ATTRIBUTES = (Public, ); }; };
		204C74521ABA0F9800A68988 /* TKRetroButton.h in Headers */ = {isa = PBXBuildFile; fileRef = 20DAFB011814BAAC00EF525B /* TKRetroButton.h */; settings = {ATTRIBUTES = (Public, ); }; };
		204C745D1ABA0FFC00A68988 /* TKGlobal.m in Sources */ = {isa = PBXBuildFile; fileRef = 3BAC9A1E10953E5200F235F1 /* TKGlobal.m */; };
		204C746B1ABA0FFC00A68988 /* UIImage+TKCategory.m in Sources */ = {isa = PBXBuildFile; fileRef = 3BAC9A2010953E5200F235F1 /* UIImage+TKCategory.m */; };
		204C747B1ABA0FFC00A68988 /* TKAppDelegate.m in Sources */ = {isa = PBXBuildFile; fileRef = 3B9D93D912F74F8F007D839C /* TKAppDelegate.m */; };
		204C747D1ABA0FFC00A68988 /* TKViewController.m in Sources */ = {isa = PBXBuildFile; fileRef = 3B819B5314601DC500EC0097 /* TKViewController.m */; };
		204C74801ABA0FFC00A68988 /* TKAlertViewController.m in Sources */ = {isa = PBXBuildFile; fileRef = 202DD0CA188EF01200D5541E /* TKAlertViewController.m */; };
		204C74871ABA0FFC00A68988 /* TKNetworkQueue.m in Sources */ = {isa = PBXBuildFile; fileRef = 3B17D288142E3CD40090616F /* TKNetworkQueue.m */; };
		204C74881ABA0FFC00A68988 /* TKHTTPRequest.m in Sources */ = {isa = PBXBuildFile; fileRef = 3B17D26B142E31C40090616F /* TKHTTPRequest.m */; };
		204C74891ABA0FFC00A68988 /* TKImageCache.m in Sources */ = {isa = PBXBuildFile; fileRef = 3B560B7114574E30005FBDBF /* TKImageCache.m */; };
		204C748A1ABA0FFC00A68988 /* TKCalendarMonthViewController.m in Sources */ = {isa = PBXBuildFile; fileRef = 3BAC99FF10953E2400F235F1 /* TKCalendarMonthViewController.m */; };
		204C748B1ABA0FFC00A68988 /* TKCalendarMonthTableViewController.m in Sources */ = {isa = PBXBuildFile; fileRef = 3B879FC5109BFC07002012FD /* TKCalendarMonthTableViewController.m */; };
		204C748C1ABA0FFC00A68988 /* TKCalendarMonthView.m in Sources */ = {isa = PBXBuildFile; fileRef = 3B9724BA11C54C5C0027A97F /* TKCalendarMonthView.m */; };
		204C748D1ABA0FFC00A68988 /* NSDate+CalendarGrid.m in Sources */ = {isa = PBXBuildFile; fileRef = 207DFF9115E1E3BE00A0BC2A /* NSDate+CalendarGrid.m */; };
		204C748E1ABA0FFC00A68988 /* TKCalendarDayViewController.m in Sources */ = {isa = PBXBuildFile; fileRef = 3BAC9A0610953E2400F235F1 /* TKCalendarDayViewController.m */; };
		204C748F1ABA0FFC00A68988 /* TKCalendarDayView.m in Sources */ = {isa = PBXBuildFile; fileRef = 3BAC9A0410953E2400F235F1 /* TKCalendarDayView.m */; };
		204C74901ABA0FFC00A68988 /* TKCalendarDayEventView.m in Sources */ = {isa = PBXBuildFile; fileRef = 3BAC9A0210953E2400F235F1 /* TKCalendarDayEventView.m */; };
		204C74921ABA0FFC00A68988 /* TKAlertCenter.m in Sources */ = {isa = PBXBuildFile; fileRef = 3BD32971125B753900BE5EAF /* TKAlertCenter.m */; };
		204C74931ABA0FFC00A68988 /* TKProgressAlertView.m in Sources */ = {isa = PBXBuildFile; fileRef = 3BA577B91199DF1600ECB85B /* TKProgressAlertView.m */; };
		204C74941ABA0FFC00A68988 /* TKProgressBarView.m in Sources */ = {isa = PBXBuildFile; fileRef = 3BB92D2111896022002FA0F9 /* TKProgressBarView.m */; };
		204C74951ABA0FFC00A68988 /* TKProgressCircleView.m in Sources */ = {isa = PBXBuildFile; fileRef = 3BEE1CBA12CFB78300FECF6D /* TKProgressCircleView.m */; };
		204C74961ABA0FFC00A68988 /* TKLabelCell.m in Sources */ = {isa = PBXBuildFile; fileRef = 3BAC9A2810953E5200F235F1 /* TKLabelCell.m */; };
		204C74971ABA0FFC00A68988 /* TKLabelFieldCell.m in Sources */ = {isa = PBXBuildFile; fileRef = 3BAC9A2A10953E5200F235F1 /* TKLabelFieldCell.m */; };
		204C74981ABA0FFC00A68988 /* TKLabelSwitchCell.m in Sources */ = {isa = PBXBuildFile; fileRef = 3BAC9A2C10953E5200F235F1 /* TKLabelSwitchCell.m */; };
		204C74991ABA0FFC00A68988 /* TKLabelTextFieldCell.m in Sources */ = {isa = PBXBuildFile; fileRef = 3BAC9A2E10953E5200F235F1 /* TKLabelTextFieldCell.m */; };
		204C749A1ABA0FFC00A68988 /* TKLabelTextViewCell.m in Sources */ = {isa = PBXBuildFile; fileRef = 3BAC9A3010953E5200F235F1 /* TKLabelTextViewCell.m */; };
		204C749B1ABA0FFC00A68988 /* TKButtonCell.m in Sources */ = {isa = PBXBuildFile; fileRef = 3BAC9A3210953E5200F235F1 /* TKButtonCell.m */; };
		204C749E1ABA0FFC00A68988 /* TKTextViewCell.m in Sources */ = {isa = PBXBuildFile; fileRef = 3BAC9A3610953E5200F235F1 /* TKTextViewCell.m */; };
		204C749F1ABA0FFC00A68988 /* TKTableViewCell.m in Sources */ = {isa = PBXBuildFile; fileRef = 3BAC9A3D10953E5200F235F1 /* TKTableViewCell.m */; };
		204C74A11ABA0FFC00A68988 /* TKCoverflowView.m in Sources */ = {isa = PBXBuildFile; fileRef = 2057363316A330E700F8CDE6 /* TKCoverflowView.m */; };
		204C74A21ABA0FFC00A68988 /* TKEmptyView.m in Sources */ = {isa = PBXBuildFile; fileRef = 3BAC9A4F10953E5200F235F1 /* TKEmptyView.m */; };
		204C74A31ABA0FFC00A68988 /* TKReorderTableView.m in Sources */ = {isa = PBXBuildFile; fileRef = 2014592717A1077D00629488 /* TKReorderTableView.m */; };
		204C74A81ABA0FFC00A68988 /* TKRetroButton.m in Sources */ = {isa = PBXBuildFile; fileRef = 20DAFB021814BAAC00EF525B /* TKRetroButton.m */; };
		20CE10C41860A6A500249216 /* XCTest.framework in Frameworks */ = {isa = PBXBuildFile; fileRef = 20CE10C21860A62B00249216 /* XCTest.framework */; };
		20F1563E1B44A33700D49391 /* curry.framework in Frameworks */ = {isa = PBXBuildFile; fileRef = 20F1563A1B44A31700D49391 /* curry.framework */; };
		3B859EAD134C73D600661088 /* UIKit.framework in Frameworks */ = {isa = PBXBuildFile; fileRef = 3BAC995710953DF400F235F1 /* UIKit.framework */; };
		3B859EAE134C73DE00661088 /* Foundation.framework in Frameworks */ = {isa = PBXBuildFile; fileRef = AACBBE490F95108600F1A2B1 /* Foundation.framework */; };
		3B859EB0134C73EF00661088 /* QuartzCore.framework in Frameworks */ = {isa = PBXBuildFile; fileRef = 3BAC995810953DF400F235F1 /* QuartzCore.framework */; };
		3B89162B134D93D000BD2B31 /* FoundationTests.m in Sources */ = {isa = PBXBuildFile; fileRef = 3B89162A134D93D000BD2B31 /* FoundationTests.m */; };
/* End PBXBuildFile section */

/* Begin PBXContainerItemProxy section */
		2002F2361BB54A0900B565DA /* PBXContainerItemProxy */ = {
			isa = PBXContainerItemProxy;
			containerPortal = 20F156331B44A31600D49391 /* curry.xcodeproj */;
			proxyType = 2;
			remoteGlobalIDString = 20CEA42B1BA1105D0009D60C;
			remoteInfo = curryTV;
		};
		2002F2381BB54A0900B565DA /* PBXContainerItemProxy */ = {
			isa = PBXContainerItemProxy;
			containerPortal = 20F156331B44A31600D49391 /* curry.xcodeproj */;
			proxyType = 2;
			remoteGlobalIDString = 2010DCB01BB0E40E00810A98;
			remoteInfo = curryWatch;
		};
		2002F23A1BB54A0900B565DA /* PBXContainerItemProxy */ = {
			isa = PBXContainerItemProxy;
			containerPortal = 20F156331B44A31600D49391 /* curry.xcodeproj */;
			proxyType = 2;
			remoteGlobalIDString = 20B5FE1F1BB3613F00C0F848;
			remoteInfo = curryMac;
		};
		20F156391B44A31700D49391 /* PBXContainerItemProxy */ = {
			isa = PBXContainerItemProxy;
			containerPortal = 20F156331B44A31600D49391 /* curry.xcodeproj */;
			proxyType = 2;
			remoteGlobalIDString = 200B62551AD7FB460049E35C;
			remoteInfo = curry;
		};
		20F1563B1B44A31700D49391 /* PBXContainerItemProxy */ = {
			isa = PBXContainerItemProxy;
			containerPortal = 20F156331B44A31600D49391 /* curry.xcodeproj */;
			proxyType = 2;
			remoteGlobalIDString = 200B62601AD7FB460049E35C;
			remoteInfo = curryTests;
		};
/* End PBXContainerItemProxy section */

/* Begin PBXFileReference section */
		2014592617A1077D00629488 /* TKReorderTableView.h */ = {isa = PBXFileReference; fileEncoding = 4; lastKnownFileType = sourcecode.c.h; path = TKReorderTableView.h; sourceTree = "<group>"; };
		2014592717A1077D00629488 /* TKReorderTableView.m */ = {isa = PBXFileReference; fileEncoding = 4; lastKnownFileType = sourcecode.c.objc; path = TKReorderTableView.m; sourceTree = "<group>"; };
		202DD0C9188EF01200D5541E /* TKAlertViewController.h */ = {isa = PBXFileReference; fileEncoding = 4; lastKnownFileType = sourcecode.c.h; path = TKAlertViewController.h; sourceTree = "<group>"; };
		202DD0CA188EF01200D5541E /* TKAlertViewController.m */ = {isa = PBXFileReference; fileEncoding = 4; lastKnownFileType = sourcecode.c.objc; path = TKAlertViewController.m; sourceTree = "<group>"; };
		204C73E11ABA0EA600A68988 /* tapku.framework */ = {isa = PBXFileReference; explicitFileType = wrapper.framework; includeInIndex = 0; path = tapku.framework; sourceTree = BUILT_PRODUCTS_DIR; };
		204C73E41ABA0EA600A68988 /* Info.plist */ = {isa = PBXFileReference; lastKnownFileType = text.plist.xml; name = Info.plist; path = tapku/Info.plist; sourceTree = "<group>"; };
		204C73E51ABA0EA600A68988 /* tapku.h */ = {isa = PBXFileReference; lastKnownFileType = sourcecode.c.h; name = tapku.h; path = tapku/tapku.h; sourceTree = "<group>"; };
		2057363216A330E700F8CDE6 /* TKCoverflowView.h */ = {isa = PBXFileReference; fileEncoding = 4; lastKnownFileType = sourcecode.c.h; path = TKCoverflowView.h; sourceTree = "<group>"; };
		2057363316A330E700F8CDE6 /* TKCoverflowView.m */ = {isa = PBXFileReference; fileEncoding = 4; lastKnownFileType = sourcecode.c.objc; path = TKCoverflowView.m; sourceTree = "<group>"; };
		207DFF9015E1E3BE00A0BC2A /* NSDate+CalendarGrid.h */ = {isa = PBXFileReference; fileEncoding = 4; lastKnownFileType = sourcecode.c.h; path = "NSDate+CalendarGrid.h"; sourceTree = "<group>"; };
		207DFF9115E1E3BE00A0BC2A /* NSDate+CalendarGrid.m */ = {isa = PBXFileReference; fileEncoding = 4; lastKnownFileType = sourcecode.c.objc; path = "NSDate+CalendarGrid.m"; sourceTree = "<group>"; };
		20CE10C21860A62B00249216 /* XCTest.framework */ = {isa = PBXFileReference; lastKnownFileType = wrapper.framework; name = XCTest.framework; path = Library/Frameworks/XCTest.framework; sourceTree = DEVELOPER_DIR; };
		20DAFB011814BAAC00EF525B /* TKRetroButton.h */ = {isa = PBXFileReference; fileEncoding = 4; lastKnownFileType = sourcecode.c.h; path = TKRetroButton.h; sourceTree = "<group>"; };
		20DAFB021814BAAC00EF525B /* TKRetroButton.m */ = {isa = PBXFileReference; fileEncoding = 4; lastKnownFileType = sourcecode.c.objc; path = TKRetroButton.m; sourceTree = "<group>"; };
		20F156331B44A31600D49391 /* curry.xcodeproj */ = {isa = PBXFileReference; lastKnownFileType = "wrapper.pb-project"; name = curry.xcodeproj; path = Vendor/curry/curry.xcodeproj; sourceTree = "<group>"; };
		20F6153917E6741D007F443C /* Accelerate.framework */ = {isa = PBXFileReference; lastKnownFileType = wrapper.framework; name = Accelerate.framework; path = System/Library/Frameworks/Accelerate.framework; sourceTree = SDKROOT; };
		3B17D26A142E31C40090616F /* TKHTTPRequest.h */ = {isa = PBXFileReference; fileEncoding = 4; lastKnownFileType = sourcecode.c.h; path = TKHTTPRequest.h; sourceTree = "<group>"; };
		3B17D26B142E31C40090616F /* TKHTTPRequest.m */ = {isa = PBXFileReference; fileEncoding = 4; lastKnownFileType = sourcecode.c.objc; path = TKHTTPRequest.m; sourceTree = "<group>"; };
		3B17D287142E3CD40090616F /* TKNetworkQueue.h */ = {isa = PBXFileReference; fileEncoding = 4; lastKnownFileType = sourcecode.c.h; path = TKNetworkQueue.h; sourceTree = "<group>"; };
		3B17D288142E3CD40090616F /* TKNetworkQueue.m */ = {isa = PBXFileReference; fileEncoding = 4; lastKnownFileType = sourcecode.c.objc; path = TKNetworkQueue.m; sourceTree = "<group>"; };
		3B45DDF1134C736600D24C1A /* LogicTests.xctest */ = {isa = PBXFileReference; explicitFileType = wrapper.cfbundle; includeInIndex = 0; path = LogicTests.xctest; sourceTree = BUILT_PRODUCTS_DIR; };
		3B45DDF2134C736600D24C1A /* LogicTests-Info.plist */ = {isa = PBXFileReference; lastKnownFileType = text.plist.xml; path = "LogicTests-Info.plist"; sourceTree = "<group>"; };
		3B560B7014574E30005FBDBF /* TKImageCache.h */ = {isa = PBXFileReference; fileEncoding = 4; lastKnownFileType = sourcecode.c.h; path = TKImageCache.h; sourceTree = "<group>"; };
		3B560B7114574E30005FBDBF /* TKImageCache.m */ = {isa = PBXFileReference; fileEncoding = 4; lastKnownFileType = sourcecode.c.objc; path = TKImageCache.m; sourceTree = "<group>"; };
		3B819B5214601DC400EC0097 /* TKViewController.h */ = {isa = PBXFileReference; fileEncoding = 4; lastKnownFileType = sourcecode.c.h; path = TKViewController.h; sourceTree = "<group>"; };
		3B819B5314601DC500EC0097 /* TKViewController.m */ = {isa = PBXFileReference; fileEncoding = 4; lastKnownFileType = sourcecode.c.objc; path = TKViewController.m; sourceTree = "<group>"; };
		3B879FC4109BFC07002012FD /* TKCalendarMonthTableViewController.h */ = {isa = PBXFileReference; fileEncoding = 4; lastKnownFileType = sourcecode.c.h; path = TKCalendarMonthTableViewController.h; sourceTree = "<group>"; };
		3B879FC5109BFC07002012FD /* TKCalendarMonthTableViewController.m */ = {isa = PBXFileReference; fileEncoding = 4; lastKnownFileType = sourcecode.c.objc; path = TKCalendarMonthTableViewController.m; sourceTree = "<group>"; };
		3B891629134D93D000BD2B31 /* FoundationTests.h */ = {isa = PBXFileReference; fileEncoding = 4; lastKnownFileType = sourcecode.c.h; name = FoundationTests.h; path = Tests/FoundationTests.h; sourceTree = "<group>"; };
		3B89162A134D93D000BD2B31 /* FoundationTests.m */ = {isa = PBXFileReference; fileEncoding = 4; lastKnownFileType = sourcecode.c.objc; name = FoundationTests.m; path = Tests/FoundationTests.m; sourceTree = "<group>"; };
		3B9724B911C54C5C0027A97F /* TKCalendarMonthView.h */ = {isa = PBXFileReference; fileEncoding = 4; lastKnownFileType = sourcecode.c.h; path = TKCalendarMonthView.h; sourceTree = "<group>"; };
		3B9724BA11C54C5C0027A97F /* TKCalendarMonthView.m */ = {isa = PBXFileReference; fileEncoding = 4; lastKnownFileType = sourcecode.c.objc; path = TKCalendarMonthView.m; sourceTree = "<group>"; };
		3B9D93D812F74F8F007D839C /* TKAppDelegate.h */ = {isa = PBXFileReference; fileEncoding = 4; lastKnownFileType = sourcecode.c.h; path = TKAppDelegate.h; sourceTree = "<group>"; };
		3B9D93D912F74F8F007D839C /* TKAppDelegate.m */ = {isa = PBXFileReference; fileEncoding = 4; lastKnownFileType = sourcecode.c.objc; path = TKAppDelegate.m; sourceTree = "<group>"; };
		3BA577B81199DF1600ECB85B /* TKProgressAlertView.h */ = {isa = PBXFileReference; fileEncoding = 4; lastKnownFileType = sourcecode.c.h; path = TKProgressAlertView.h; sourceTree = "<group>"; };
		3BA577B91199DF1600ECB85B /* TKProgressAlertView.m */ = {isa = PBXFileReference; fileEncoding = 4; lastKnownFileType = sourcecode.c.objc; path = TKProgressAlertView.m; sourceTree = "<group>"; };
		3BAC995610953DF400F235F1 /* CoreGraphics.framework */ = {isa = PBXFileReference; lastKnownFileType = wrapper.framework; name = CoreGraphics.framework; path = System/Library/Frameworks/CoreGraphics.framework; sourceTree = SDKROOT; };
		3BAC995710953DF400F235F1 /* UIKit.framework */ = {isa = PBXFileReference; lastKnownFileType = wrapper.framework; name = UIKit.framework; path = System/Library/Frameworks/UIKit.framework; sourceTree = SDKROOT; };
		3BAC995810953DF400F235F1 /* QuartzCore.framework */ = {isa = PBXFileReference; lastKnownFileType = wrapper.framework; name = QuartzCore.framework; path = System/Library/Frameworks/QuartzCore.framework; sourceTree = SDKROOT; };
		3BAC99FE10953E2400F235F1 /* TKCalendarMonthViewController.h */ = {isa = PBXFileReference; fileEncoding = 4; lastKnownFileType = sourcecode.c.h; path = TKCalendarMonthViewController.h; sourceTree = "<group>"; };
		3BAC99FF10953E2400F235F1 /* TKCalendarMonthViewController.m */ = {isa = PBXFileReference; fileEncoding = 4; lastKnownFileType = sourcecode.c.objc; path = TKCalendarMonthViewController.m; sourceTree = "<group>"; };
		3BAC9A0110953E2400F235F1 /* TKCalendarDayEventView.h */ = {isa = PBXFileReference; fileEncoding = 4; lastKnownFileType = sourcecode.c.h; path = TKCalendarDayEventView.h; sourceTree = "<group>"; };
		3BAC9A0210953E2400F235F1 /* TKCalendarDayEventView.m */ = {isa = PBXFileReference; fileEncoding = 4; lastKnownFileType = sourcecode.c.objc; path = TKCalendarDayEventView.m; sourceTree = "<group>"; };
		3BAC9A0310953E2400F235F1 /* TKCalendarDayView.h */ = {isa = PBXFileReference; fileEncoding = 4; lastKnownFileType = sourcecode.c.h; path = TKCalendarDayView.h; sourceTree = "<group>"; };
		3BAC9A0410953E2400F235F1 /* TKCalendarDayView.m */ = {isa = PBXFileReference; fileEncoding = 4; lastKnownFileType = sourcecode.c.objc; path = TKCalendarDayView.m; sourceTree = "<group>"; };
		3BAC9A0510953E2400F235F1 /* TKCalendarDayViewController.h */ = {isa = PBXFileReference; fileEncoding = 4; lastKnownFileType = sourcecode.c.h; path = TKCalendarDayViewController.h; sourceTree = "<group>"; };
		3BAC9A0610953E2400F235F1 /* TKCalendarDayViewController.m */ = {isa = PBXFileReference; fileEncoding = 4; lastKnownFileType = sourcecode.c.objc; path = TKCalendarDayViewController.m; sourceTree = "<group>"; };
		3BAC9A1B10953E5200F235F1 /* TapkuLibrary.h */ = {isa = PBXFileReference; fileEncoding = 4; lastKnownFileType = sourcecode.c.h; path = TapkuLibrary.h; sourceTree = "<group>"; };
		3BAC9A1D10953E5200F235F1 /* TKGlobal.h */ = {isa = PBXFileReference; fileEncoding = 4; lastKnownFileType = sourcecode.c.h; path = TKGlobal.h; sourceTree = "<group>"; };
		3BAC9A1E10953E5200F235F1 /* TKGlobal.m */ = {isa = PBXFileReference; fileEncoding = 4; lastKnownFileType = sourcecode.c.objc; path = TKGlobal.m; sourceTree = "<group>"; };
		3BAC9A1F10953E5200F235F1 /* UIImage+TKCategory.h */ = {isa = PBXFileReference; fileEncoding = 4; lastKnownFileType = sourcecode.c.h; path = "UIImage+TKCategory.h"; sourceTree = "<group>"; };
		3BAC9A2010953E5200F235F1 /* UIImage+TKCategory.m */ = {isa = PBXFileReference; fileEncoding = 4; lastKnownFileType = sourcecode.c.objc; path = "UIImage+TKCategory.m"; sourceTree = "<group>"; };
		3BAC9A2710953E5200F235F1 /* TKLabelCell.h */ = {isa = PBXFileReference; fileEncoding = 4; lastKnownFileType = sourcecode.c.h; path = TKLabelCell.h; sourceTree = "<group>"; };
		3BAC9A2810953E5200F235F1 /* TKLabelCell.m */ = {isa = PBXFileReference; fileEncoding = 4; lastKnownFileType = sourcecode.c.objc; path = TKLabelCell.m; sourceTree = "<group>"; };
		3BAC9A2910953E5200F235F1 /* TKLabelFieldCell.h */ = {isa = PBXFileReference; fileEncoding = 4; lastKnownFileType = sourcecode.c.h; path = TKLabelFieldCell.h; sourceTree = "<group>"; };
		3BAC9A2A10953E5200F235F1 /* TKLabelFieldCell.m */ = {isa = PBXFileReference; fileEncoding = 4; lastKnownFileType = sourcecode.c.objc; path = TKLabelFieldCell.m; sourceTree = "<group>"; };
		3BAC9A2B10953E5200F235F1 /* TKLabelSwitchCell.h */ = {isa = PBXFileReference; fileEncoding = 4; lastKnownFileType = sourcecode.c.h; path = TKLabelSwitchCell.h; sourceTree = "<group>"; };
		3BAC9A2C10953E5200F235F1 /* TKLabelSwitchCell.m */ = {isa = PBXFileReference; fileEncoding = 4; lastKnownFileType = sourcecode.c.objc; path = TKLabelSwitchCell.m; sourceTree = "<group>"; };
		3BAC9A2D10953E5200F235F1 /* TKLabelTextFieldCell.h */ = {isa = PBXFileReference; fileEncoding = 4; lastKnownFileType = sourcecode.c.h; path = TKLabelTextFieldCell.h; sourceTree = "<group>"; };
		3BAC9A2E10953E5200F235F1 /* TKLabelTextFieldCell.m */ = {isa = PBXFileReference; fileEncoding = 4; lastKnownFileType = sourcecode.c.objc; path = TKLabelTextFieldCell.m; sourceTree = "<group>"; };
		3BAC9A2F10953E5200F235F1 /* TKLabelTextViewCell.h */ = {isa = PBXFileReference; fileEncoding = 4; lastKnownFileType = sourcecode.c.h; path = TKLabelTextViewCell.h; sourceTree = "<group>"; };
		3BAC9A3010953E5200F235F1 /* TKLabelTextViewCell.m */ = {isa = PBXFileReference; fileEncoding = 4; lastKnownFileType = sourcecode.c.objc; path = TKLabelTextViewCell.m; sourceTree = "<group>"; };
		3BAC9A3110953E5200F235F1 /* TKButtonCell.h */ = {isa = PBXFileReference; fileEncoding = 4; lastKnownFileType = sourcecode.c.h; path = TKButtonCell.h; sourceTree = "<group>"; };
		3BAC9A3210953E5200F235F1 /* TKButtonCell.m */ = {isa = PBXFileReference; fileEncoding = 4; lastKnownFileType = sourcecode.c.objc; path = TKButtonCell.m; sourceTree = "<group>"; };
		3BAC9A3510953E5200F235F1 /* TKTextViewCell.h */ = {isa = PBXFileReference; fileEncoding = 4; lastKnownFileType = sourcecode.c.h; path = TKTextViewCell.h; sourceTree = "<group>"; };
		3BAC9A3610953E5200F235F1 /* TKTextViewCell.m */ = {isa = PBXFileReference; fileEncoding = 4; lastKnownFileType = sourcecode.c.objc; path = TKTextViewCell.m; sourceTree = "<group>"; };
		3BAC9A3C10953E5200F235F1 /* TKTableViewCell.h */ = {isa = PBXFileReference; fileEncoding = 4; lastKnownFileType = sourcecode.c.h; path = TKTableViewCell.h; sourceTree = "<group>"; };
		3BAC9A3D10953E5200F235F1 /* TKTableViewCell.m */ = {isa = PBXFileReference; fileEncoding = 4; lastKnownFileType = sourcecode.c.objc; path = TKTableViewCell.m; sourceTree = "<group>"; };
		3BAC9A4E10953E5200F235F1 /* TKEmptyView.h */ = {isa = PBXFileReference; fileEncoding = 4; lastKnownFileType = sourcecode.c.h; path = TKEmptyView.h; sourceTree = "<group>"; };
		3BAC9A4F10953E5200F235F1 /* TKEmptyView.m */ = {isa = PBXFileReference; fileEncoding = 4; lastKnownFileType = sourcecode.c.objc; path = TKEmptyView.m; sourceTree = "<group>"; };
		3BB92D2011896022002FA0F9 /* TKProgressBarView.h */ = {isa = PBXFileReference; fileEncoding = 4; lastKnownFileType = sourcecode.c.h; path = TKProgressBarView.h; sourceTree = "<group>"; };
		3BB92D2111896022002FA0F9 /* TKProgressBarView.m */ = {isa = PBXFileReference; fileEncoding = 4; lastKnownFileType = sourcecode.c.objc; path = TKProgressBarView.m; sourceTree = "<group>"; };
		3BD32970125B753900BE5EAF /* TKAlertCenter.h */ = {isa = PBXFileReference; fileEncoding = 4; lastKnownFileType = sourcecode.c.h; path = TKAlertCenter.h; sourceTree = "<group>"; };
		3BD32971125B753900BE5EAF /* TKAlertCenter.m */ = {isa = PBXFileReference; fileEncoding = 4; lastKnownFileType = sourcecode.c.objc; path = TKAlertCenter.m; sourceTree = "<group>"; };
		3BEE1CB912CFB78300FECF6D /* TKProgressCircleView.h */ = {isa = PBXFileReference; fileEncoding = 4; lastKnownFileType = sourcecode.c.h; path = TKProgressCircleView.h; sourceTree = "<group>"; };
		3BEE1CBA12CFB78300FECF6D /* TKProgressCircleView.m */ = {isa = PBXFileReference; fileEncoding = 4; lastKnownFileType = sourcecode.c.objc; path = TKProgressCircleView.m; sourceTree = "<group>"; };
		AA747D9E0F9514B9006C5449 /* tapku_Prefix.pch */ = {isa = PBXFileReference; fileEncoding = 4; lastKnownFileType = sourcecode.c.h; path = tapku_Prefix.pch; sourceTree = "<group>"; };
		AACBBE490F95108600F1A2B1 /* Foundation.framework */ = {isa = PBXFileReference; lastKnownFileType = wrapper.framework; name = Foundation.framework; path = System/Library/Frameworks/Foundation.framework; sourceTree = SDKROOT; };
/* End PBXFileReference section */

/* Begin PBXFrameworksBuildPhase section */
		204C73DD1ABA0EA600A68988 /* Frameworks */ = {
			isa = PBXFrameworksBuildPhase;
			buildActionMask = 2147483647;
			files = (
				20F1563E1B44A33700D49391 /* curry.framework in Frameworks */,
			);
			runOnlyForDeploymentPostprocessing = 0;
		};
		3B45DDEE134C736600D24C1A /* Frameworks */ = {
			isa = PBXFrameworksBuildPhase;
			buildActionMask = 2147483647;
			files = (
				20CE10C41860A6A500249216 /* XCTest.framework in Frameworks */,
				3B859EAD134C73D600661088 /* UIKit.framework in Frameworks */,
				3B859EAE134C73DE00661088 /* Foundation.framework in Frameworks */,
				3B859EB0134C73EF00661088 /* QuartzCore.framework in Frameworks */,
			);
			runOnlyForDeploymentPostprocessing = 0;
		};
/* End PBXFrameworksBuildPhase section */

/* Begin PBXGroup section */
		034768DFFF38A50411DB9C8B /* Products */ = {
			isa = PBXGroup;
			children = (
				3B45DDF1134C736600D24C1A /* LogicTests.xctest */,
				204C73E11ABA0EA600A68988 /* tapku.framework */,
			);
			name = Products;
			sourceTree = "<group>";
		};
		0867D691FE84028FC02AAC07 /* TapkuLibrary */ = {
			isa = PBXGroup;
			children = (
				3BAC98C910953DCC00F235F1 /* tapku */,
				3B859EDF134C753E00661088 /* UnitTests */,
				32C88DFF0371C24200C91783 /* Other Sources */,
				20F1563D1B44A31D00D49391 /* Vendor */,
				0867D69AFE84028FC02AAC07 /* Frameworks */,
				034768DFFF38A50411DB9C8B /* Products */,
			);
			name = TapkuLibrary;
			sourceTree = "<group>";
		};
		0867D69AFE84028FC02AAC07 /* Frameworks */ = {
			isa = PBXGroup;
			children = (
				20CE10C21860A62B00249216 /* XCTest.framework */,
				AACBBE490F95108600F1A2B1 /* Foundation.framework */,
				3BAC995710953DF400F235F1 /* UIKit.framework */,
				3BAC995610953DF400F235F1 /* CoreGraphics.framework */,
				3BAC995810953DF400F235F1 /* QuartzCore.framework */,
				20F6153917E6741D007F443C /* Accelerate.framework */,
			);
			name = Frameworks;
			sourceTree = "<group>";
		};
		20F156341B44A31600D49391 /* Products */ = {
			isa = PBXGroup;
			children = (
				20F1563A1B44A31700D49391 /* curry.framework */,
				20F1563C1B44A31700D49391 /* curryTests.xctest */,
				2002F2371BB54A0900B565DA /* curryTV.framework */,
				2002F2391BB54A0900B565DA /* curryWatch.framework */,
				2002F23B1BB54A0900B565DA /* curryMac.framework */,
			);
			name = Products;
			sourceTree = "<group>";
		};
		20F1563D1B44A31D00D49391 /* Vendor */ = {
			isa = PBXGroup;
			children = (
				20F156331B44A31600D49391 /* curry.xcodeproj */,
			);
			name = Vendor;
			sourceTree = "<group>";
		};
		32C88DFF0371C24200C91783 /* Other Sources */ = {
			isa = PBXGroup;
			children = (
				AA747D9E0F9514B9006C5449 /* tapku_Prefix.pch */,
				204C73E51ABA0EA600A68988 /* tapku.h */,
				204C73E41ABA0EA600A68988 /* Info.plist */,
			);
			name = "Other Sources";
			sourceTree = "<group>";
		};
		3B345A6E142E4F870075E654 /* Network */ = {
			isa = PBXGroup;
			children = (
				3B17D287142E3CD40090616F /* TKNetworkQueue.h */,
				3B17D288142E3CD40090616F /* TKNetworkQueue.m */,
				3B17D26A142E31C40090616F /* TKHTTPRequest.h */,
				3B17D26B142E31C40090616F /* TKHTTPRequest.m */,
				3B560B7014574E30005FBDBF /* TKImageCache.h */,
				3B560B7114574E30005FBDBF /* TKImageCache.m */,
			);
			name = Network;
			sourceTree = "<group>";
		};
		3B859EDF134C753E00661088 /* UnitTests */ = {
			isa = PBXGroup;
			children = (
				3B45DDF2134C736600D24C1A /* LogicTests-Info.plist */,
				3B891629134D93D000BD2B31 /* FoundationTests.h */,
				3B89162A134D93D000BD2B31 /* FoundationTests.m */,
			);
			name = UnitTests;
			sourceTree = "<group>";
		};
		3BAC98C910953DCC00F235F1 /* tapku */ = {
			isa = PBXGroup;
			children = (
				3BAC9A1B10953E5200F235F1 /* TapkuLibrary.h */,
				3BBF8A4012970B10008AB2B1 /* Core */,
				3B345A6E142E4F870075E654 /* Network */,
				3BBF8A4112970B3E008AB2B1 /* UI */,
			);
			name = tapku;
			path = TapkuLibrary;
			sourceTree = "<group>";
		};
		3BAC99F910953E2400F235F1 /* Calendar */ = {
			isa = PBXGroup;
			children = (
				3BF002FE109662E30062DA49 /* Month */,
				3BAC9A0010953E2400F235F1 /* Day */,
			);
			name = Calendar;
			sourceTree = "<group>";
		};
		3BAC9A0010953E2400F235F1 /* Day */ = {
			isa = PBXGroup;
			children = (
				3BAC9A0510953E2400F235F1 /* TKCalendarDayViewController.h */,
				3BAC9A0610953E2400F235F1 /* TKCalendarDayViewController.m */,
				3BAC9A0310953E2400F235F1 /* TKCalendarDayView.h */,
				3BAC9A0410953E2400F235F1 /* TKCalendarDayView.m */,
				3BAC9A0110953E2400F235F1 /* TKCalendarDayEventView.h */,
				3BAC9A0210953E2400F235F1 /* TKCalendarDayEventView.m */,
			);
			name = Day;
			sourceTree = "<group>";
		};
		3BAC9A2510953E5200F235F1 /* Cells */ = {
			isa = PBXGroup;
			children = (
				3BAC9A2610953E5200F235F1 /* Label */,
				3BAC9A3110953E5200F235F1 /* TKButtonCell.h */,
				3BAC9A3210953E5200F235F1 /* TKButtonCell.m */,
				3BAC9A3510953E5200F235F1 /* TKTextViewCell.h */,
				3BAC9A3610953E5200F235F1 /* TKTextViewCell.m */,
				3BAC9A3C10953E5200F235F1 /* TKTableViewCell.h */,
				3BAC9A3D10953E5200F235F1 /* TKTableViewCell.m */,
			);
			name = Cells;
			sourceTree = "<group>";
		};
		3BAC9A2610953E5200F235F1 /* Label */ = {
			isa = PBXGroup;
			children = (
				3BAC9A2710953E5200F235F1 /* TKLabelCell.h */,
				3BAC9A2810953E5200F235F1 /* TKLabelCell.m */,
				3BAC9A2910953E5200F235F1 /* TKLabelFieldCell.h */,
				3BAC9A2A10953E5200F235F1 /* TKLabelFieldCell.m */,
				3BAC9A2B10953E5200F235F1 /* TKLabelSwitchCell.h */,
				3BAC9A2C10953E5200F235F1 /* TKLabelSwitchCell.m */,
				3BAC9A2D10953E5200F235F1 /* TKLabelTextFieldCell.h */,
				3BAC9A2E10953E5200F235F1 /* TKLabelTextFieldCell.m */,
				3BAC9A2F10953E5200F235F1 /* TKLabelTextViewCell.h */,
				3BAC9A3010953E5200F235F1 /* TKLabelTextViewCell.m */,
			);
			name = Label;
			sourceTree = "<group>";
		};
		3BAC9A3E10953E5200F235F1 /* Indicators */ = {
			isa = PBXGroup;
			children = (
				3BD32970125B753900BE5EAF /* TKAlertCenter.h */,
				3BD32971125B753900BE5EAF /* TKAlertCenter.m */,
				3BA577B81199DF1600ECB85B /* TKProgressAlertView.h */,
				3BA577B91199DF1600ECB85B /* TKProgressAlertView.m */,
				3BB92D2011896022002FA0F9 /* TKProgressBarView.h */,
				3BB92D2111896022002FA0F9 /* TKProgressBarView.m */,
				3BEE1CB912CFB78300FECF6D /* TKProgressCircleView.h */,
				3BEE1CBA12CFB78300FECF6D /* TKProgressCircleView.m */,
			);
			name = Indicators;
			sourceTree = "<group>";
		};
		3BB3A1D1117814BC00553093 /* Categories */ = {
			isa = PBXGroup;
			children = (
				3BAC9A1F10953E5200F235F1 /* UIImage+TKCategory.h */,
				3BAC9A2010953E5200F235F1 /* UIImage+TKCategory.m */,
			);
			name = Categories;
			sourceTree = "<group>";
		};
		3BBF8A4012970B10008AB2B1 /* Core */ = {
			isa = PBXGroup;
			children = (
				3BAC9A1D10953E5200F235F1 /* TKGlobal.h */,
				3BAC9A1E10953E5200F235F1 /* TKGlobal.m */,
				3BB3A1D1117814BC00553093 /* Categories */,
				3B9D93D812F74F8F007D839C /* TKAppDelegate.h */,
				3B9D93D912F74F8F007D839C /* TKAppDelegate.m */,
				3B819B5214601DC400EC0097 /* TKViewController.h */,
				3B819B5314601DC500EC0097 /* TKViewController.m */,
				202DD0C9188EF01200D5541E /* TKAlertViewController.h */,
				202DD0CA188EF01200D5541E /* TKAlertViewController.m */,
			);
			name = Core;
			sourceTree = "<group>";
		};
		3BBF8A4112970B3E008AB2B1 /* UI */ = {
			isa = PBXGroup;
			children = (
				3BAC99F910953E2400F235F1 /* Calendar */,
				3BAC9A3E10953E5200F235F1 /* Indicators */,
				3BAC9A2510953E5200F235F1 /* Cells */,
				2057363216A330E700F8CDE6 /* TKCoverflowView.h */,
				2057363316A330E700F8CDE6 /* TKCoverflowView.m */,
				3BAC9A4E10953E5200F235F1 /* TKEmptyView.h */,
				3BAC9A4F10953E5200F235F1 /* TKEmptyView.m */,
				2014592617A1077D00629488 /* TKReorderTableView.h */,
				2014592717A1077D00629488 /* TKReorderTableView.m */,
				20DAFB011814BAAC00EF525B /* TKRetroButton.h */,
				20DAFB021814BAAC00EF525B /* TKRetroButton.m */,
			);
			name = UI;
			sourceTree = "<group>";
		};
		3BF002FE109662E30062DA49 /* Month */ = {
			isa = PBXGroup;
			children = (
				3BAC99FE10953E2400F235F1 /* TKCalendarMonthViewController.h */,
				3BAC99FF10953E2400F235F1 /* TKCalendarMonthViewController.m */,
				3B879FC4109BFC07002012FD /* TKCalendarMonthTableViewController.h */,
				3B879FC5109BFC07002012FD /* TKCalendarMonthTableViewController.m */,
				3B9724B911C54C5C0027A97F /* TKCalendarMonthView.h */,
				3B9724BA11C54C5C0027A97F /* TKCalendarMonthView.m */,
				207DFF9015E1E3BE00A0BC2A /* NSDate+CalendarGrid.h */,
				207DFF9115E1E3BE00A0BC2A /* NSDate+CalendarGrid.m */,
			);
			name = Month;
			sourceTree = "<group>";
		};
/* End PBXGroup section */

/* Begin PBXHeadersBuildPhase section */
		204C73DE1ABA0EA600A68988 /* Headers */ = {
			isa = PBXHeadersBuildPhase;
			buildActionMask = 2147483647;
			files = (
				204C74061ABA0F9400A68988 /* TapkuLibrary.h in Headers */,
				204C74071ABA0F9400A68988 /* TKGlobal.h in Headers */,
				204C74151ABA0F9400A68988 /* UIImage+TKCategory.h in Headers */,
				204C74251ABA0F9500A68988 /* TKAppDelegate.h in Headers */,
				204C74271ABA0F9500A68988 /* TKViewController.h in Headers */,
				204C742A1ABA0F9500A68988 /* TKAlertViewController.h in Headers */,
				204C74311ABA0F9500A68988 /* TKNetworkQueue.h in Headers */,
				204C74321ABA0F9500A68988 /* TKHTTPRequest.h in Headers */,
				204C74331ABA0F9500A68988 /* TKImageCache.h in Headers */,
				204C74341ABA0F9500A68988 /* TKCalendarMonthViewController.h in Headers */,
				204C74351ABA0F9500A68988 /* TKCalendarMonthTableViewController.h in Headers */,
				204C74361ABA0F9600A68988 /* TKCalendarMonthView.h in Headers */,
				204C74381ABA0F9600A68988 /* TKCalendarDayViewController.h in Headers */,
				204C74391ABA0F9600A68988 /* TKCalendarDayView.h in Headers */,
				204C743A1ABA0F9600A68988 /* TKCalendarDayEventView.h in Headers */,
				204C743C1ABA0F9600A68988 /* TKAlertCenter.h in Headers */,
				204C743D1ABA0F9600A68988 /* TKProgressAlertView.h in Headers */,
				204C743E1ABA0F9600A68988 /* TKProgressBarView.h in Headers */,
				204C743F1ABA0F9600A68988 /* TKProgressCircleView.h in Headers */,
				204C74401ABA0F9600A68988 /* TKLabelCell.h in Headers */,
				204C74411ABA0F9600A68988 /* TKLabelFieldCell.h in Headers */,
				204C74421ABA0F9600A68988 /* TKLabelSwitchCell.h in Headers */,
				204C74431ABA0F9600A68988 /* TKLabelTextFieldCell.h in Headers */,
				204C74441ABA0F9600A68988 /* TKLabelTextViewCell.h in Headers */,
				204C74451ABA0F9600A68988 /* TKButtonCell.h in Headers */,
				204C74481ABA0F9700A68988 /* TKTextViewCell.h in Headers */,
				204C74491ABA0F9700A68988 /* TKTableViewCell.h in Headers */,
				204C744B1ABA0F9700A68988 /* TKCoverflowView.h in Headers */,
				204C744C1ABA0F9700A68988 /* TKEmptyView.h in Headers */,
				204C744D1ABA0F9700A68988 /* TKReorderTableView.h in Headers */,
				204C74521ABA0F9800A68988 /* TKRetroButton.h in Headers */,
				20251C0F1ABA1E1A004D6851 /* NSDate+CalendarGrid.h in Headers */,
				204C73E61ABA0EA600A68988 /* tapku.h in Headers */,
			);
			runOnlyForDeploymentPostprocessing = 0;
		};
/* End PBXHeadersBuildPhase section */

/* Begin PBXNativeTarget section */
		204C73E01ABA0EA600A68988 /* tapku */ = {
			isa = PBXNativeTarget;
			buildConfigurationList = 204C73F81ABA0EA600A68988 /* Build configuration list for PBXNativeTarget "tapku" */;
			buildPhases = (
				204C73DC1ABA0EA600A68988 /* Sources */,
				204C73DD1ABA0EA600A68988 /* Frameworks */,
				204C73DE1ABA0EA600A68988 /* Headers */,
				204C73DF1ABA0EA600A68988 /* Resources */,
			);
			buildRules = (
			);
			dependencies = (
			);
			name = tapku;
			productName = tapku;
			productReference = 204C73E11ABA0EA600A68988 /* tapku.framework */;
			productType = "com.apple.product-type.framework";
		};
		3B45DDF0134C736600D24C1A /* LogicTests */ = {
			isa = PBXNativeTarget;
			buildConfigurationList = 3B45DDF5134C736600D24C1A /* Build configuration list for PBXNativeTarget "LogicTests" */;
			buildPhases = (
				3B45DDEC134C736600D24C1A /* Resources */,
				3B45DDED134C736600D24C1A /* Sources */,
				3B45DDEE134C736600D24C1A /* Frameworks */,
				3B45DDEF134C736600D24C1A /* ShellScript */,
			);
			buildRules = (
			);
			dependencies = (
			);
			name = LogicTests;
			productName = LogicTests;
			productReference = 3B45DDF1134C736600D24C1A /* LogicTests.xctest */;
			productType = "com.apple.product-type.bundle.unit-test";
		};
/* End PBXNativeTarget section */

/* Begin PBXProject section */
		0867D690FE84028FC02AAC07 /* Project object */ = {
			isa = PBXProject;
			attributes = {
				CLASSPREFIX = TK;
				LastUpgradeCheck = 0800;
				TargetAttributes = {
					204C73E01ABA0EA600A68988 = {
						CreatedOnToolsVersion = 6.3;
					};
				};
			};
			buildConfigurationList = 1DEB922208733DC00010E9CD /* Build configuration list for PBXProject "tapku" */;
			compatibilityVersion = "Xcode 3.2";
			developmentRegion = English;
			hasScannedForEncodings = 1;
			knownRegions = (
				English,
				Japanese,
				French,
				German,
			);
			mainGroup = 0867D691FE84028FC02AAC07 /* TapkuLibrary */;
			productRefGroup = 034768DFFF38A50411DB9C8B /* Products */;
			projectDirPath = "";
			projectReferences = (
				{
					ProductGroup = 20F156341B44A31600D49391 /* Products */;
					ProjectRef = 20F156331B44A31600D49391 /* curry.xcodeproj */;
				},
			);
			projectRoot = "";
			targets = (
				204C73E01ABA0EA600A68988 /* tapku */,
				3B45DDF0134C736600D24C1A /* LogicTests */,
			);
		};
/* End PBXProject section */

/* Begin PBXReferenceProxy section */
		2002F2371BB54A0900B565DA /* curryTV.framework */ = {
			isa = PBXReferenceProxy;
			fileType = wrapper.framework;
			path = curryTV.framework;
			remoteRef = 2002F2361BB54A0900B565DA /* PBXContainerItemProxy */;
			sourceTree = BUILT_PRODUCTS_DIR;
		};
		2002F2391BB54A0900B565DA /* curryWatch.framework */ = {
			isa = PBXReferenceProxy;
			fileType = wrapper.framework;
			path = curryWatch.framework;
			remoteRef = 2002F2381BB54A0900B565DA /* PBXContainerItemProxy */;
			sourceTree = BUILT_PRODUCTS_DIR;
		};
		2002F23B1BB54A0900B565DA /* curryMac.framework */ = {
			isa = PBXReferenceProxy;
			fileType = wrapper.framework;
			path = curryMac.framework;
			remoteRef = 2002F23A1BB54A0900B565DA /* PBXContainerItemProxy */;
			sourceTree = BUILT_PRODUCTS_DIR;
		};
		20F1563A1B44A31700D49391 /* curry.framework */ = {
			isa = PBXReferenceProxy;
			fileType = wrapper.framework;
			path = curry.framework;
			remoteRef = 20F156391B44A31700D49391 /* PBXContainerItemProxy */;
			sourceTree = BUILT_PRODUCTS_DIR;
		};
		20F1563C1B44A31700D49391 /* curryTests.xctest */ = {
			isa = PBXReferenceProxy;
			fileType = wrapper.cfbundle;
			path = curryTests.xctest;
			remoteRef = 20F1563B1B44A31700D49391 /* PBXContainerItemProxy */;
			sourceTree = BUILT_PRODUCTS_DIR;
		};
/* End PBXReferenceProxy section */

/* Begin PBXResourcesBuildPhase section */
		204C73DF1ABA0EA600A68988 /* Resources */ = {
			isa = PBXResourcesBuildPhase;
			buildActionMask = 2147483647;
			files = (
			);
			runOnlyForDeploymentPostprocessing = 0;
		};
		3B45DDEC134C736600D24C1A /* Resources */ = {
			isa = PBXResourcesBuildPhase;
			buildActionMask = 2147483647;
			files = (
			);
			runOnlyForDeploymentPostprocessing = 0;
		};
/* End PBXResourcesBuildPhase section */

/* Begin PBXShellScriptBuildPhase section */
		3B45DDEF134C736600D24C1A /* ShellScript */ = {
			isa = PBXShellScriptBuildPhase;
			buildActionMask = 2147483647;
			files = (
			);
			inputPaths = (
			);
			outputPaths = (
			);
			runOnlyForDeploymentPostprocessing = 0;
			shellPath = /bin/sh;
			shellScript = "# Run the unit tests in this test bundle.\n\"${SYSTEM_DEVELOPER_DIR}/Tools/RunUnitTests\"";
		};
/* End PBXShellScriptBuildPhase section */

/* Begin PBXSourcesBuildPhase section */
		204C73DC1ABA0EA600A68988 /* Sources */ = {
			isa = PBXSourcesBuildPhase;
			buildActionMask = 2147483647;
			files = (
				204C745D1ABA0FFC00A68988 /* TKGlobal.m in Sources */,
				204C746B1ABA0FFC00A68988 /* UIImage+TKCategory.m in Sources */,
				204C747B1ABA0FFC00A68988 /* TKAppDelegate.m in Sources */,
				204C747D1ABA0FFC00A68988 /* TKViewController.m in Sources */,
				204C74801ABA0FFC00A68988 /* TKAlertViewController.m in Sources */,
				204C74871ABA0FFC00A68988 /* TKNetworkQueue.m in Sources */,
				204C74881ABA0FFC00A68988 /* TKHTTPRequest.m in Sources */,
				204C74891ABA0FFC00A68988 /* TKImageCache.m in Sources */,
				204C748A1ABA0FFC00A68988 /* TKCalendarMonthViewController.m in Sources */,
				204C748B1ABA0FFC00A68988 /* TKCalendarMonthTableViewController.m in Sources */,
				204C748C1ABA0FFC00A68988 /* TKCalendarMonthView.m in Sources */,
				204C748D1ABA0FFC00A68988 /* NSDate+CalendarGrid.m in Sources */,
				204C748E1ABA0FFC00A68988 /* TKCalendarDayViewController.m in Sources */,
				204C748F1ABA0FFC00A68988 /* TKCalendarDayView.m in Sources */,
				204C74901ABA0FFC00A68988 /* TKCalendarDayEventView.m in Sources */,
				204C74921ABA0FFC00A68988 /* TKAlertCenter.m in Sources */,
				204C74931ABA0FFC00A68988 /* TKProgressAlertView.m in Sources */,
				204C74941ABA0FFC00A68988 /* TKProgressBarView.m in Sources */,
				204C74951ABA0FFC00A68988 /* TKProgressCircleView.m in Sources */,
				204C74961ABA0FFC00A68988 /* TKLabelCell.m in Sources */,
				204C74971ABA0FFC00A68988 /* TKLabelFieldCell.m in Sources */,
				204C74981ABA0FFC00A68988 /* TKLabelSwitchCell.m in Sources */,
				204C74991ABA0FFC00A68988 /* TKLabelTextFieldCell.m in Sources */,
				204C749A1ABA0FFC00A68988 /* TKLabelTextViewCell.m in Sources */,
				204C749B1ABA0FFC00A68988 /* TKButtonCell.m in Sources */,
				204C749E1ABA0FFC00A68988 /* TKTextViewCell.m in Sources */,
				204C749F1ABA0FFC00A68988 /* TKTableViewCell.m in Sources */,
				204C74A11ABA0FFC00A68988 /* TKCoverflowView.m in Sources */,
				204C74A21ABA0FFC00A68988 /* TKEmptyView.m in Sources */,
				204C74A31ABA0FFC00A68988 /* TKReorderTableView.m in Sources */,
				204C74A81ABA0FFC00A68988 /* TKRetroButton.m in Sources */,
			);
			runOnlyForDeploymentPostprocessing = 0;
		};
		3B45DDED134C736600D24C1A /* Sources */ = {
			isa = PBXSourcesBuildPhase;
			buildActionMask = 2147483647;
			files = (
				3B89162B134D93D000BD2B31 /* FoundationTests.m in Sources */,
			);
			runOnlyForDeploymentPostprocessing = 0;
		};
/* End PBXSourcesBuildPhase section */

/* Begin XCBuildConfiguration section */
		1DEB922308733DC00010E9CD /* Debug */ = {
			isa = XCBuildConfiguration;
			buildSettings = {
				CLANG_ANALYZER_LOCALIZABILITY_NONLOCALIZED = YES;
				CLANG_WARN_BOOL_CONVERSION = YES;
				CLANG_WARN_CONSTANT_CONVERSION = YES;
				CLANG_WARN_EMPTY_BODY = YES;
				CLANG_WARN_ENUM_CONVERSION = YES;
				CLANG_WARN_INFINITE_RECURSION = YES;
				CLANG_WARN_INT_CONVERSION = YES;
				CLANG_WARN_SUSPICIOUS_MOVE = YES;
				CLANG_WARN_UNREACHABLE_CODE = YES;
				CLANG_WARN__DUPLICATE_METHOD_MATCH = YES;
				ENABLE_STRICT_OBJC_MSGSEND = YES;
				ENABLE_TESTABILITY = YES;
				FRAMEWORK_SEARCH_PATHS = "";
				GCC_C_LANGUAGE_STANDARD = c99;
				GCC_NO_COMMON_BLOCKS = YES;
				GCC_OPTIMIZATION_LEVEL = 0;
				GCC_VERSION = "";
				GCC_WARN_64_TO_32_BIT_CONVERSION = YES;
				GCC_WARN_ABOUT_MISSING_PROTOTYPES = YES;
				GCC_WARN_ABOUT_RETURN_TYPE = YES;
				GCC_WARN_UNDECLARED_SELECTOR = YES;
				GCC_WARN_UNINITIALIZED_AUTOS = YES;
				GCC_WARN_UNUSED_FUNCTION = YES;
				GCC_WARN_UNUSED_VARIABLE = YES;
				IPHONEOS_DEPLOYMENT_TARGET = 8.0;
				ONLY_ACTIVE_ARCH = YES;
				OTHER_LDFLAGS = "";
				SDKROOT = iphoneos;
				WARNING_CFLAGS = "-Wno-arc-performSelector-leaks";
			};
			name = Debug;
		};
		1DEB922408733DC00010E9CD /* Release */ = {
			isa = XCBuildConfiguration;
			buildSettings = {
				CLANG_ANALYZER_LOCALIZABILITY_NONLOCALIZED = YES;
				CLANG_WARN_BOOL_CONVERSION = YES;
				CLANG_WARN_CONSTANT_CONVERSION = YES;
				CLANG_WARN_EMPTY_BODY = YES;
				CLANG_WARN_ENUM_CONVERSION = YES;
				CLANG_WARN_INFINITE_RECURSION = YES;
				CLANG_WARN_INT_CONVERSION = YES;
				CLANG_WARN_SUSPICIOUS_MOVE = YES;
				CLANG_WARN_UNREACHABLE_CODE = YES;
				CLANG_WARN__DUPLICATE_METHOD_MATCH = YES;
				ENABLE_STRICT_OBJC_MSGSEND = YES;
				FRAMEWORK_SEARCH_PATHS = "";
				GCC_C_LANGUAGE_STANDARD = c99;
				GCC_NO_COMMON_BLOCKS = YES;
				GCC_VERSION = "";
				GCC_WARN_64_TO_32_BIT_CONVERSION = YES;
				GCC_WARN_ABOUT_MISSING_PROTOTYPES = YES;
				GCC_WARN_ABOUT_RETURN_TYPE = YES;
				GCC_WARN_UNDECLARED_SELECTOR = YES;
				GCC_WARN_UNINITIALIZED_AUTOS = YES;
				GCC_WARN_UNUSED_FUNCTION = YES;
				GCC_WARN_UNUSED_VARIABLE = YES;
				IPHONEOS_DEPLOYMENT_TARGET = 8.0;
				ONLY_ACTIVE_ARCH = NO;
				OTHER_LDFLAGS = "";
				SDKROOT = iphoneos;
				WARNING_CFLAGS = "-Wno-arc-performSelector-leaks";
			};
			name = Release;
		};
		204C73F41ABA0EA600A68988 /* Debug */ = {
			isa = XCBuildConfiguration;
			buildSettings = {
				ALWAYS_SEARCH_USER_PATHS = NO;
				CLANG_CXX_LANGUAGE_STANDARD = "gnu++0x";
				CLANG_CXX_LIBRARY = "libc++";
				CLANG_ENABLE_MODULES = YES;
				CLANG_ENABLE_OBJC_ARC = YES;
				CLANG_WARN_BOOL_CONVERSION = YES;
				CLANG_WARN_CONSTANT_CONVERSION = YES;
				CLANG_WARN_DIRECT_OBJC_ISA_USAGE = YES_ERROR;
				CLANG_WARN_EMPTY_BODY = YES;
				CLANG_WARN_ENUM_CONVERSION = YES;
				CLANG_WARN_INT_CONVERSION = YES;
				CLANG_WARN_OBJC_ROOT_CLASS = YES_ERROR;
				CLANG_WARN_UNREACHABLE_CODE = YES;
				CLANG_WARN__DUPLICATE_METHOD_MATCH = YES;
				"CODE_SIGN_IDENTITY[sdk=iphoneos*]" = "";
				COPY_PHASE_STRIP = NO;
				CURRENT_PROJECT_VERSION = 1;
				DEBUG_INFORMATION_FORMAT = dwarf;
				DEFINES_MODULE = YES;
				DYLIB_COMPATIBILITY_VERSION = 1;
				DYLIB_CURRENT_VERSION = 1;
				DYLIB_INSTALL_NAME_BASE = "@rpath";
				ENABLE_STRICT_OBJC_MSGSEND = YES;
				GCC_C_LANGUAGE_STANDARD = gnu99;
				GCC_DYNAMIC_NO_PIC = NO;
				GCC_NO_COMMON_BLOCKS = YES;
				GCC_PREFIX_HEADER = tapku_Prefix.pch;
				GCC_PREPROCESSOR_DEFINITIONS = (
					"DEBUG=1",
					"$(inherited)",
				);
				GCC_SYMBOLS_PRIVATE_EXTERN = NO;
				GCC_WARN_64_TO_32_BIT_CONVERSION = YES;
				GCC_WARN_ABOUT_RETURN_TYPE = YES_ERROR;
				GCC_WARN_UNDECLARED_SELECTOR = YES;
				GCC_WARN_UNINITIALIZED_AUTOS = YES_AGGRESSIVE;
				GCC_WARN_UNUSED_FUNCTION = YES;
				INFOPLIST_FILE = tapku/Info.plist;
				INSTALL_PATH = "$(LOCAL_LIBRARY_DIR)/Frameworks";
				IPHONEOS_DEPLOYMENT_TARGET = 8.0;
				LD_RUNPATH_SEARCH_PATHS = "$(inherited) @executable_path/Frameworks @loader_path/Frameworks";
				MTL_ENABLE_DEBUG_INFO = YES;
				PRODUCT_BUNDLE_IDENTIFIER = "com.devinross.$(PRODUCT_NAME:rfc1034identifier)";
				PRODUCT_NAME = "$(TARGET_NAME)";
				SKIP_INSTALL = YES;
				TARGETED_DEVICE_FAMILY = "1,2";
				VERSIONING_SYSTEM = "apple-generic";
				VERSION_INFO_PREFIX = "";
			};
			name = Debug;
		};
		204C73F51ABA0EA600A68988 /* Release */ = {
			isa = XCBuildConfiguration;
			buildSettings = {
				ALWAYS_SEARCH_USER_PATHS = NO;
				CLANG_CXX_LANGUAGE_STANDARD = "gnu++0x";
				CLANG_CXX_LIBRARY = "libc++";
				CLANG_ENABLE_MODULES = YES;
				CLANG_ENABLE_OBJC_ARC = YES;
				CLANG_WARN_BOOL_CONVERSION = YES;
				CLANG_WARN_CONSTANT_CONVERSION = YES;
				CLANG_WARN_DIRECT_OBJC_ISA_USAGE = YES_ERROR;
				CLANG_WARN_EMPTY_BODY = YES;
				CLANG_WARN_ENUM_CONVERSION = YES;
				CLANG_WARN_INT_CONVERSION = YES;
				CLANG_WARN_OBJC_ROOT_CLASS = YES_ERROR;
				CLANG_WARN_UNREACHABLE_CODE = YES;
				CLANG_WARN__DUPLICATE_METHOD_MATCH = YES;
				"CODE_SIGN_IDENTITY[sdk=iphoneos*]" = "";
				COPY_PHASE_STRIP = NO;
				CURRENT_PROJECT_VERSION = 1;
				DEBUG_INFORMATION_FORMAT = "dwarf-with-dsym";
				DEFINES_MODULE = YES;
				DYLIB_COMPATIBILITY_VERSION = 1;
				DYLIB_CURRENT_VERSION = 1;
				DYLIB_INSTALL_NAME_BASE = "@rpath";
				ENABLE_NS_ASSERTIONS = NO;
				ENABLE_STRICT_OBJC_MSGSEND = YES;
				GCC_C_LANGUAGE_STANDARD = gnu99;
				GCC_NO_COMMON_BLOCKS = YES;
				GCC_PREFIX_HEADER = tapku_Prefix.pch;
				GCC_WARN_64_TO_32_BIT_CONVERSION = YES;
				GCC_WARN_ABOUT_RETURN_TYPE = YES_ERROR;
				GCC_WARN_UNDECLARED_SELECTOR = YES;
				GCC_WARN_UNINITIALIZED_AUTOS = YES_AGGRESSIVE;
				GCC_WARN_UNUSED_FUNCTION = YES;
				INFOPLIST_FILE = tapku/Info.plist;
				INSTALL_PATH = "$(LOCAL_LIBRARY_DIR)/Frameworks";
				IPHONEOS_DEPLOYMENT_TARGET = 8.0;
				LD_RUNPATH_SEARCH_PATHS = "$(inherited) @executable_path/Frameworks @loader_path/Frameworks";
				MTL_ENABLE_DEBUG_INFO = NO;
				PRODUCT_BUNDLE_IDENTIFIER = "com.devinross.$(PRODUCT_NAME:rfc1034identifier)";
				PRODUCT_NAME = "$(TARGET_NAME)";
				SKIP_INSTALL = YES;
				TARGETED_DEVICE_FAMILY = "1,2";
				VALIDATE_PRODUCT = YES;
				VERSIONING_SYSTEM = "apple-generic";
				VERSION_INFO_PREFIX = "";
			};
			name = Release;
		};
		3B45DDF3134C736600D24C1A /* Debug */ = {
			isa = XCBuildConfiguration;
			buildSettings = {
				ALWAYS_SEARCH_USER_PATHS = NO;
				CLANG_ENABLE_MODULES = YES;
				CLANG_ENABLE_OBJC_ARC = YES;
				"CODE_SIGN_IDENTITY[sdk=iphoneos*]" = "";
				COPY_PHASE_STRIP = NO;
				FRAMEWORK_SEARCH_PATHS = (
					"\"$(SDKROOT)/Developer/Library/Frameworks\"",
					"$(inherited)",
					"$(DEVELOPER_FRAMEWORKS_DIR)",
				);
				GCC_DYNAMIC_NO_PIC = NO;
				GCC_ENABLE_OBJC_EXCEPTIONS = YES;
				GCC_OPTIMIZATION_LEVEL = 0;
				GCC_VERSION = com.apple.compilers.llvm.clang.1_0;
				HEADER_SEARCH_PATHS = "$(inherited)";
				INFOPLIST_FILE = "LogicTests-Info.plist";
				OTHER_LDFLAGS = (
					"-framework",
					Foundation,
					"-framework",
					UIKit,
				);
				PRODUCT_BUNDLE_IDENTIFIER = "com.yourcompany.${PRODUCT_NAME:rfc1034identifier}";
				PRODUCT_NAME = LogicTests;
				SDKROOT = iphoneos;
			};
			name = Debug;
		};
		3B45DDF4134C736600D24C1A /* Release */ = {
			isa = XCBuildConfiguration;
			buildSettings = {
				ALWAYS_SEARCH_USER_PATHS = NO;
				CLANG_ENABLE_MODULES = YES;
				CLANG_ENABLE_OBJC_ARC = YES;
				"CODE_SIGN_IDENTITY[sdk=iphoneos*]" = "";
				COPY_PHASE_STRIP = YES;
				DEBUG_INFORMATION_FORMAT = "dwarf-with-dsym";
				FRAMEWORK_SEARCH_PATHS = (
					"\"$(SDKROOT)/Developer/Library/Frameworks\"",
					"$(inherited)",
					"$(DEVELOPER_FRAMEWORKS_DIR)",
				);
				GCC_ENABLE_OBJC_EXCEPTIONS = YES;
				GCC_VERSION = com.apple.compilers.llvm.clang.1_0;
				HEADER_SEARCH_PATHS = "$(inherited)";
				INFOPLIST_FILE = "LogicTests-Info.plist";
				OTHER_LDFLAGS = (
					"-framework",
					Foundation,
					"-framework",
					UIKit,
				);
				PRODUCT_BUNDLE_IDENTIFIER = "com.yourcompany.${PRODUCT_NAME:rfc1034identifier}";
				PRODUCT_NAME = LogicTests;
				SDKROOT = iphoneos;
				ZERO_LINK = NO;
			};
			name = Release;
		};
/* End XCBuildConfiguration section */

/* Begin XCConfigurationList section */
		1DEB922208733DC00010E9CD /* Build configuration list for PBXProject "tapku" */ = {
			isa = XCConfigurationList;
			buildConfigurations = (
				1DEB922308733DC00010E9CD /* Debug */,
				1DEB922408733DC00010E9CD /* Release */,
			);
			defaultConfigurationIsVisible = 0;
			defaultConfigurationName = Release;
		};
		204C73F81ABA0EA600A68988 /* Build configuration list for PBXNativeTarget "tapku" */ = {
			isa = XCConfigurationList;
			buildConfigurations = (
				204C73F41ABA0EA600A68988 /* Debug */,
				204C73F51ABA0EA600A68988 /* Release */,
			);
			defaultConfigurationIsVisible = 0;
			defaultConfigurationName = Release;
		};
		3B45DDF5134C736600D24C1A /* Build configuration list for PBXNativeTarget "LogicTests" */ = {
			isa = XCConfigurationList;
			buildConfigurations = (
				3B45DDF3134C736600D24C1A /* Debug */,
				3B45DDF4134C736600D24C1A /* Release */,
			);
			defaultConfigurationIsVisible = 0;
			defaultConfigurationName = Release;
		};
/* End XCConfigurationList section */
	};
	rootObject = 0867D690FE84028FC02AAC07 /* Project object */;
}
