// !$*UTF8*$!
{
	archiveVersion = 1;
	classes = {
	};
	objectVersion = 45;
	objects = {

/* Begin PBXBuildFile section */
		1D3623260D0F684500981E51 /* AppDelegate.m in Sources */ = {isa = PBXBuildFile; fileRef = 1D3623250D0F684500981E51 /* AppDelegate.m */; };
		1D60589B0D05DD56006BFB54 /* main.m in Sources */ = {isa = PBXBuildFile; fileRef = 29B97316FDCFA39411CA2CEA /* main.m */; };
		1D60589F0D05DD5A006BFB54 /* Foundation.framework in Frameworks */ = {isa = PBXBuildFile; fileRef = 1D30AB110D05D00D00671497 /* Foundation.framework */; };
		1DF5F4E00D08C38300B7A737 /* UIKit.framework in Frameworks */ = {isa = PBXBuildFile; fileRef = 1DF5F4DF0D08C38300B7A737 /* UIKit.framework */; };
		2892E4100DC94CBA00A64D0F /* CoreGraphics.framework in Frameworks */ = {isa = PBXBuildFile; fileRef = 2892E40F0DC94CBA00A64D0F /* CoreGraphics.framework */; };
		28AD73600D9D9599002E5188 /* MainWindow.xib in Resources */ = {isa = PBXBuildFile; fileRef = 28AD735F0D9D9599002E5188 /* MainWindow.xib */; };
		28C286E10D94DF7D0034E888 /* RootViewController.m in Sources */ = {isa = PBXBuildFile; fileRef = 28C286E00D94DF7D0034E888 /* RootViewController.m */; };
		28F335F11007B36200424DE2 /* RootViewController.xib in Resources */ = {isa = PBXBuildFile; fileRef = 28F335F01007B36200424DE2 /* RootViewController.xib */; };
		3B319D1110C74C8F006B2A57 /* libTapkuLibrary.a in Frameworks */ = {isa = PBXBuildFile; fileRef = 3B319D1010C74C8B006B2A57 /* libTapkuLibrary.a */; };
		3B319D3310C74D7A006B2A57 /* QuartzCore.framework in Frameworks */ = {isa = PBXBuildFile; fileRef = 3B319D3210C74D7A006B2A57 /* QuartzCore.framework */; };
		3B319D4E10C74DAF006B2A57 /* MapKit.framework in Frameworks */ = {isa = PBXBuildFile; fileRef = 3B319D4D10C74DAF006B2A57 /* MapKit.framework */; };
		3B319D5410C74DC9006B2A57 /* TapkuLibrary.bundle in Resources */ = {isa = PBXBuildFile; fileRef = 3B319D5310C74DC9006B2A57 /* TapkuLibrary.bundle */; };
		3B319D6210C74DED006B2A57 /* icon.png in Resources */ = {isa = PBXBuildFile; fileRef = 3B319D6110C74DED006B2A57 /* icon.png */; };
		3B319D6410C74DF7006B2A57 /* note.png in Resources */ = {isa = PBXBuildFile; fileRef = 3B319D6310C74DF7006B2A57 /* note.png */; };
		3B319D8010C74E4D006B2A57 /* OverviewController.m in Sources */ = {isa = PBXBuildFile; fileRef = 3B319D7110C74E4D006B2A57 /* OverviewController.m */; };
		3B319D8110C74E4D006B2A57 /* LabelViewController.m in Sources */ = {isa = PBXBuildFile; fileRef = 3B319D7310C74E4D006B2A57 /* LabelViewController.m */; };
		3B319D8210C74E4D006B2A57 /* FastTableViewController.m in Sources */ = {isa = PBXBuildFile; fileRef = 3B319D7510C74E4D006B2A57 /* FastTableViewController.m */; };
		3B319D8310C74E4D006B2A57 /* HUDViewController.m in Sources */ = {isa = PBXBuildFile; fileRef = 3B319D7710C74E4D006B2A57 /* HUDViewController.m */; };
		3B319D8410C74E4D006B2A57 /* MapViewController.m in Sources */ = {isa = PBXBuildFile; fileRef = 3B319D7910C74E4D006B2A57 /* MapViewController.m */; };
		3B319D8510C74E4D006B2A57 /* GraphController.m in Sources */ = {isa = PBXBuildFile; fileRef = 3B319D7B10C74E4D006B2A57 /* GraphController.m */; };
		3B319D8610C74E4D006B2A57 /* EmptyViewController.m in Sources */ = {isa = PBXBuildFile; fileRef = 3B319D7D10C74E4D006B2A57 /* EmptyViewController.m */; };
		3B319D8710C74E4D006B2A57 /* DemoCalendarMonth.m in Sources */ = {isa = PBXBuildFile; fileRef = 3B319D7F10C74E4D006B2A57 /* DemoCalendarMonth.m */; };
		3B917CF210F34C1F00049677 /* CoverflowViewController.m in Sources */ = {isa = PBXBuildFile; fileRef = 3B917CF110F34C1F00049677 /* CoverflowViewController.m */; };
		3B917D3010F34D3200049677 /* cover_1.jpg in Resources */ = {isa = PBXBuildFile; fileRef = 3B917D2910F34D3200049677 /* cover_1.jpg */; };
		3B917D3110F34D3200049677 /* cover_2.jpg in Resources */ = {isa = PBXBuildFile; fileRef = 3B917D2A10F34D3200049677 /* cover_2.jpg */; };
		3B917D3210F34D3200049677 /* cover_3.jpg in Resources */ = {isa = PBXBuildFile; fileRef = 3B917D2B10F34D3200049677 /* cover_3.jpg */; };
		3B917D3310F34D3200049677 /* cover_4.jpg in Resources */ = {isa = PBXBuildFile; fileRef = 3B917D2C10F34D3200049677 /* cover_4.jpg */; };
		3B917D3410F34D3200049677 /* cover_5.jpg in Resources */ = {isa = PBXBuildFile; fileRef = 3B917D2D10F34D3200049677 /* cover_5.jpg */; };
		3B917D3510F34D3200049677 /* cover_6.jpg in Resources */ = {isa = PBXBuildFile; fileRef = 3B917D2E10F34D3200049677 /* cover_6.jpg */; };
		3BCAC5E411115335004DBAA6 /* cover_9.jpeg in Resources */ = {isa = PBXBuildFile; fileRef = 3BCAC5E311115335004DBAA6 /* cover_9.jpeg */; };
		3BCAC5E71111533A004DBAA6 /* cover_7.jpg in Resources */ = {isa = PBXBuildFile; fileRef = 3BCAC5E51111533A004DBAA6 /* cover_7.jpg */; };
		3BCAC5E81111533A004DBAA6 /* cover_8.jpg in Resources */ = {isa = PBXBuildFile; fileRef = 3BCAC5E61111533A004DBAA6 /* cover_8.jpg */; };
		3BFECE4B10D070DF0005C88A /* image.png in Resources */ = {isa = PBXBuildFile; fileRef = 3BFECE4A10D070DF0005C88A /* image.png */; };
/* End PBXBuildFile section */

/* Begin PBXContainerItemProxy section */
		3B319D0F10C74C8B006B2A57 /* PBXContainerItemProxy */ = {
			isa = PBXContainerItemProxy;
			containerPortal = 3B319D0B10C74C8B006B2A57 /* TapkuLibrary.xcodeproj */;
			proxyType = 2;
			remoteGlobalIDString = D2AAC07E0554694100DB518D;
			remoteInfo = TapkuLibrary;
		};
		3B319D1810C74C97006B2A57 /* PBXContainerItemProxy */ = {
			isa = PBXContainerItemProxy;
			containerPortal = 3B319D0B10C74C8B006B2A57 /* TapkuLibrary.xcodeproj */;
			proxyType = 1;
			remoteGlobalIDString = D2AAC07D0554694100DB518D;
			remoteInfo = TapkuLibrary;
		};
/* End PBXContainerItemProxy section */

/* Begin PBXFileReference section */
		1D30AB110D05D00D00671497 /* Foundation.framework */ = {isa = PBXFileReference; lastKnownFileType = wrapper.framework; name = Foundation.framework; path = System/Library/Frameworks/Foundation.framework; sourceTree = SDKROOT; };
		1D3623240D0F684500981E51 /* AppDelegate.h */ = {isa = PBXFileReference; fileEncoding = 4; lastKnownFileType = sourcecode.c.h; path = AppDelegate.h; sourceTree = "<group>"; };
		1D3623250D0F684500981E51 /* AppDelegate.m */ = {isa = PBXFileReference; fileEncoding = 4; lastKnownFileType = sourcecode.c.objc; path = AppDelegate.m; sourceTree = "<group>"; };
		1D6058910D05DD3D006BFB54 /* TapkuLibraryDemo.app */ = {isa = PBXFileReference; explicitFileType = wrapper.application; includeInIndex = 0; path = TapkuLibraryDemo.app; sourceTree = BUILT_PRODUCTS_DIR; };
		1DF5F4DF0D08C38300B7A737 /* UIKit.framework */ = {isa = PBXFileReference; lastKnownFileType = wrapper.framework; name = UIKit.framework; path = System/Library/Frameworks/UIKit.framework; sourceTree = SDKROOT; };
		2892E40F0DC94CBA00A64D0F /* CoreGraphics.framework */ = {isa = PBXFileReference; lastKnownFileType = wrapper.framework; name = CoreGraphics.framework; path = System/Library/Frameworks/CoreGraphics.framework; sourceTree = SDKROOT; };
		28A0AAE50D9B0CCF005BE974 /* TapkuLibraryDemo_Prefix.pch */ = {isa = PBXFileReference; fileEncoding = 4; lastKnownFileType = sourcecode.c.h; path = TapkuLibraryDemo_Prefix.pch; sourceTree = "<group>"; };
		28AD735F0D9D9599002E5188 /* MainWindow.xib */ = {isa = PBXFileReference; lastKnownFileType = file.xib; path = MainWindow.xib; sourceTree = "<group>"; };
		28C286DF0D94DF7D0034E888 /* RootViewController.h */ = {isa = PBXFileReference; fileEncoding = 4; lastKnownFileType = sourcecode.c.h; path = RootViewController.h; sourceTree = "<group>"; };
		28C286E00D94DF7D0034E888 /* RootViewController.m */ = {isa = PBXFileReference; fileEncoding = 4; lastKnownFileType = sourcecode.c.objc; path = RootViewController.m; sourceTree = "<group>"; };
		28F335F01007B36200424DE2 /* RootViewController.xib */ = {isa = PBXFileReference; lastKnownFileType = file.xib; path = RootViewController.xib; sourceTree = "<group>"; };
		29B97316FDCFA39411CA2CEA /* main.m */ = {isa = PBXFileReference; fileEncoding = 4; lastKnownFileType = sourcecode.c.objc; path = main.m; sourceTree = "<group>"; };
		3B319D0B10C74C8B006B2A57 /* TapkuLibrary.xcodeproj */ = {isa = PBXFileReference; lastKnownFileType = "wrapper.pb-project"; name = TapkuLibrary.xcodeproj; path = ../src/TapkuLibrary.xcodeproj; sourceTree = SOURCE_ROOT; };
		3B319D3210C74D7A006B2A57 /* QuartzCore.framework */ = {isa = PBXFileReference; lastKnownFileType = wrapper.framework; name = QuartzCore.framework; path = System/Library/Frameworks/QuartzCore.framework; sourceTree = SDKROOT; };
		3B319D4D10C74DAF006B2A57 /* MapKit.framework */ = {isa = PBXFileReference; lastKnownFileType = wrapper.framework; name = MapKit.framework; path = System/Library/Frameworks/MapKit.framework; sourceTree = SDKROOT; };
		3B319D5310C74DC9006B2A57 /* TapkuLibrary.bundle */ = {isa = PBXFileReference; lastKnownFileType = "wrapper.plug-in"; name = TapkuLibrary.bundle; path = ../src/TapkuLibrary.bundle; sourceTree = SOURCE_ROOT; };
		3B319D6110C74DED006B2A57 /* icon.png */ = {isa = PBXFileReference; lastKnownFileType = image.png; path = icon.png; sourceTree = SOURCE_ROOT; };
		3B319D6310C74DF7006B2A57 /* note.png */ = {isa = PBXFileReference; lastKnownFileType = image.png; path = note.png; sourceTree = "<group>"; };
		3B319D7010C74E4D006B2A57 /* OverviewController.h */ = {isa = PBXFileReference; fileEncoding = 4; lastKnownFileType = sourcecode.c.h; path = OverviewController.h; sourceTree = "<group>"; };
		3B319D7110C74E4D006B2A57 /* OverviewController.m */ = {isa = PBXFileReference; fileEncoding = 4; lastKnownFileType = sourcecode.c.objc; path = OverviewController.m; sourceTree = "<group>"; };
		3B319D7210C74E4D006B2A57 /* LabelViewController.h */ = {isa = PBXFileReference; fileEncoding = 4; lastKnownFileType = sourcecode.c.h; path = LabelViewController.h; sourceTree = "<group>"; };
		3B319D7310C74E4D006B2A57 /* LabelViewController.m */ = {isa = PBXFileReference; fileEncoding = 4; lastKnownFileType = sourcecode.c.objc; path = LabelViewController.m; sourceTree = "<group>"; };
		3B319D7410C74E4D006B2A57 /* FastTableViewController.h */ = {isa = PBXFileReference; fileEncoding = 4; lastKnownFileType = sourcecode.c.h; path = FastTableViewController.h; sourceTree = "<group>"; };
		3B319D7510C74E4D006B2A57 /* FastTableViewController.m */ = {isa = PBXFileReference; fileEncoding = 4; lastKnownFileType = sourcecode.c.objc; path = FastTableViewController.m; sourceTree = "<group>"; };
		3B319D7610C74E4D006B2A57 /* HUDViewController.h */ = {isa = PBXFileReference; fileEncoding = 4; lastKnownFileType = sourcecode.c.h; path = HUDViewController.h; sourceTree = "<group>"; };
		3B319D7710C74E4D006B2A57 /* HUDViewController.m */ = {isa = PBXFileReference; fileEncoding = 4; lastKnownFileType = sourcecode.c.objc; path = HUDViewController.m; sourceTree = "<group>"; };
		3B319D7810C74E4D006B2A57 /* MapViewController.h */ = {isa = PBXFileReference; fileEncoding = 4; lastKnownFileType = sourcecode.c.h; path = MapViewController.h; sourceTree = "<group>"; };
		3B319D7910C74E4D006B2A57 /* MapViewController.m */ = {isa = PBXFileReference; fileEncoding = 4; lastKnownFileType = sourcecode.c.objc; path = MapViewController.m; sourceTree = "<group>"; };
		3B319D7A10C74E4D006B2A57 /* GraphController.h */ = {isa = PBXFileReference; fileEncoding = 4; lastKnownFileType = sourcecode.c.h; path = GraphController.h; sourceTree = "<group>"; };
		3B319D7B10C74E4D006B2A57 /* GraphController.m */ = {isa = PBXFileReference; fileEncoding = 4; lastKnownFileType = sourcecode.c.objc; path = GraphController.m; sourceTree = "<group>"; };
		3B319D7C10C74E4D006B2A57 /* EmptyViewController.h */ = {isa = PBXFileReference; fileEncoding = 4; lastKnownFileType = sourcecode.c.h; path = EmptyViewController.h; sourceTree = "<group>"; };
		3B319D7D10C74E4D006B2A57 /* EmptyViewController.m */ = {isa = PBXFileReference; fileEncoding = 4; lastKnownFileType = sourcecode.c.objc; path = EmptyViewController.m; sourceTree = "<group>"; };
		3B319D7E10C74E4D006B2A57 /* DemoCalendarMonth.h */ = {isa = PBXFileReference; fileEncoding = 4; lastKnownFileType = sourcecode.c.h; path = DemoCalendarMonth.h; sourceTree = "<group>"; };
		3B319D7F10C74E4D006B2A57 /* DemoCalendarMonth.m */ = {isa = PBXFileReference; fileEncoding = 4; lastKnownFileType = sourcecode.c.objc; path = DemoCalendarMonth.m; sourceTree = "<group>"; };
		3B917CF010F34C1F00049677 /* CoverflowViewController.h */ = {isa = PBXFileReference; fileEncoding = 4; lastKnownFileType = sourcecode.c.h; path = CoverflowViewController.h; sourceTree = "<group>"; };
		3B917CF110F34C1F00049677 /* CoverflowViewController.m */ = {isa = PBXFileReference; fileEncoding = 4; lastKnownFileType = sourcecode.c.objc; path = CoverflowViewController.m; sourceTree = "<group>"; };
		3B917D2910F34D3200049677 /* cover_1.jpg */ = {isa = PBXFileReference; lastKnownFileType = image.jpeg; path = cover_1.jpg; sourceTree = "<group>"; };
		3B917D2A10F34D3200049677 /* cover_2.jpg */ = {isa = PBXFileReference; lastKnownFileType = image.jpeg; path = cover_2.jpg; sourceTree = "<group>"; };
		3B917D2B10F34D3200049677 /* cover_3.jpg */ = {isa = PBXFileReference; lastKnownFileType = image.jpeg; path = cover_3.jpg; sourceTree = "<group>"; };
		3B917D2C10F34D3200049677 /* cover_4.jpg */ = {isa = PBXFileReference; lastKnownFileType = image.jpeg; path = cover_4.jpg; sourceTree = "<group>"; };
		3B917D2D10F34D3200049677 /* cover_5.jpg */ = {isa = PBXFileReference; lastKnownFileType = image.jpeg; path = cover_5.jpg; sourceTree = "<group>"; };
		3B917D2E10F34D3200049677 /* cover_6.jpg */ = {isa = PBXFileReference; lastKnownFileType = image.jpeg; path = cover_6.jpg; sourceTree = "<group>"; };
		3BCAC5E311115335004DBAA6 /* cover_9.jpeg */ = {isa = PBXFileReference; lastKnownFileType = image.jpeg; path = cover_9.jpeg; sourceTree = "<group>"; };
		3BCAC5E51111533A004DBAA6 /* cover_7.jpg */ = {isa = PBXFileReference; lastKnownFileType = image.jpeg; path = cover_7.jpg; sourceTree = "<group>"; };
		3BCAC5E61111533A004DBAA6 /* cover_8.jpg */ = {isa = PBXFileReference; lastKnownFileType = image.jpeg; path = cover_8.jpg; sourceTree = "<group>"; };
		3BFECE4A10D070DF0005C88A /* image.png */ = {isa = PBXFileReference; lastKnownFileType = image.png; path = image.png; sourceTree = "<group>"; };
		8D1107310486CEB800E47090 /* TapkuLibraryDemo-Info.plist */ = {isa = PBXFileReference; fileEncoding = 4; lastKnownFileType = text.plist.xml; path = "TapkuLibraryDemo-Info.plist"; plistStructureDefinitionIdentifier = "com.apple.xcode.plist.structure-definition.iphone.info-plist"; sourceTree = "<group>"; };
/* End PBXFileReference section */

/* Begin PBXFrameworksBuildPhase section */
		1D60588F0D05DD3D006BFB54 /* Frameworks */ = {
			isa = PBXFrameworksBuildPhase;
			buildActionMask = 2147483647;
			files = (
				1D60589F0D05DD5A006BFB54 /* Foundation.framework in Frameworks */,
				1DF5F4E00D08C38300B7A737 /* UIKit.framework in Frameworks */,
				2892E4100DC94CBA00A64D0F /* CoreGraphics.framework in Frameworks */,
				3B319D1110C74C8F006B2A57 /* libTapkuLibrary.a in Frameworks */,
				3B319D3310C74D7A006B2A57 /* QuartzCore.framework in Frameworks */,
				3B319D4E10C74DAF006B2A57 /* MapKit.framework in Frameworks */,
			);
			runOnlyForDeploymentPostprocessing = 0;
		};
/* End PBXFrameworksBuildPhase section */

/* Begin PBXGroup section */
		080E96DDFE201D6D7F000001 /* Classes */ = {
			isa = PBXGroup;
			children = (
				1D3623240D0F684500981E51 /* AppDelegate.h */,
				1D3623250D0F684500981E51 /* AppDelegate.m */,
				28C286DF0D94DF7D0034E888 /* RootViewController.h */,
				28C286E00D94DF7D0034E888 /* RootViewController.m */,
				3B319D6F10C74E4D006B2A57 /* View Controllers */,
			);
			path = Classes;
			sourceTree = "<group>";
		};
		19C28FACFE9D520D11CA2CBB /* Products */ = {
			isa = PBXGroup;
			children = (
				1D6058910D05DD3D006BFB54 /* TapkuLibraryDemo.app */,
			);
			name = Products;
			sourceTree = "<group>";
		};
		29B97314FDCFA39411CA2CEA /* CustomTemplate */ = {
			isa = PBXGroup;
			children = (
				080E96DDFE201D6D7F000001 /* Classes */,
				29B97315FDCFA39411CA2CEA /* Other Sources */,
				29B97317FDCFA39411CA2CEA /* Resources */,
				29B97323FDCFA39411CA2CEA /* Frameworks */,
				19C28FACFE9D520D11CA2CBB /* Products */,
			);
			name = CustomTemplate;
			sourceTree = "<group>";
		};
		29B97315FDCFA39411CA2CEA /* Other Sources */ = {
			isa = PBXGroup;
			children = (
				28A0AAE50D9B0CCF005BE974 /* TapkuLibraryDemo_Prefix.pch */,
				29B97316FDCFA39411CA2CEA /* main.m */,
			);
			name = "Other Sources";
			sourceTree = "<group>";
		};
		29B97317FDCFA39411CA2CEA /* Resources */ = {
			isa = PBXGroup;
			children = (
				3B917D2810F34D3200049677 /* Images */,
				3BFECE4A10D070DF0005C88A /* image.png */,
				3B319D6310C74DF7006B2A57 /* note.png */,
				3B319D6110C74DED006B2A57 /* icon.png */,
				3B319D5310C74DC9006B2A57 /* TapkuLibrary.bundle */,
				28F335F01007B36200424DE2 /* RootViewController.xib */,
				28AD735F0D9D9599002E5188 /* MainWindow.xib */,
				8D1107310486CEB800E47090 /* TapkuLibraryDemo-Info.plist */,
			);
			name = Resources;
			sourceTree = "<group>";
		};
		29B97323FDCFA39411CA2CEA /* Frameworks */ = {
			isa = PBXGroup;
			children = (
				3B319D4D10C74DAF006B2A57 /* MapKit.framework */,
				3B319D0B10C74C8B006B2A57 /* TapkuLibrary.xcodeproj */,
				1DF5F4DF0D08C38300B7A737 /* UIKit.framework */,
				3B319D3210C74D7A006B2A57 /* QuartzCore.framework */,
				1D30AB110D05D00D00671497 /* Foundation.framework */,
				2892E40F0DC94CBA00A64D0F /* CoreGraphics.framework */,
			);
			name = Frameworks;
			sourceTree = "<group>";
		};
		3B319D0C10C74C8B006B2A57 /* Products */ = {
			isa = PBXGroup;
			children = (
				3B319D1010C74C8B006B2A57 /* libTapkuLibrary.a */,
			);
			name = Products;
			sourceTree = "<group>";
		};
		3B319D6F10C74E4D006B2A57 /* View Controllers */ = {
			isa = PBXGroup;
			children = (
				3B917CF410F34C2300049677 /* Coverflow */,
				3BFECF0E10D1C6A60005C88A /* Graph */,
				3BFECF0F10D1C6AD0005C88A /* Overview */,
				3BFECF1210D1C6C90005C88A /* Empty */,
				3BFECF1010D1C6BE0005C88A /* HUD */,
				3BFECF0D10D1C69E0005C88A /* Calendar */,
				3BFECF1110D1C6C40005C88A /* Map */,
				3BFECF0A10D1C5E50005C88A /* TableView */,
			);
			name = "View Controllers";
			sourceTree = "<group>";
		};
		3B917CF410F34C2300049677 /* Coverflow */ = {
			isa = PBXGroup;
			children = (
				3B917CF010F34C1F00049677 /* CoverflowViewController.h */,
				3B917CF110F34C1F00049677 /* CoverflowViewController.m */,
			);
			name = Coverflow;
			sourceTree = "<group>";
		};
		3B917D2810F34D3200049677 /* Images */ = {
			isa = PBXGroup;
			children = (
				3B917D2910F34D3200049677 /* cover_1.jpg */,
				3B917D2A10F34D3200049677 /* cover_2.jpg */,
				3B917D2B10F34D3200049677 /* cover_3.jpg */,
				3B917D2C10F34D3200049677 /* cover_4.jpg */,
				3BCAC5E51111533A004DBAA6 /* cover_7.jpg */,
				3BCAC5E61111533A004DBAA6 /* cover_8.jpg */,
				3B917D2D10F34D3200049677 /* cover_5.jpg */,
				3B917D2E10F34D3200049677 /* cover_6.jpg */,
				3BCAC5E311115335004DBAA6 /* cover_9.jpeg */,
			);
			path = Images;
			sourceTree = "<group>";
		};
		3BFECF0A10D1C5E50005C88A /* TableView */ = {
			isa = PBXGroup;
			children = (
				3B319D7210C74E4D006B2A57 /* LabelViewController.h */,
				3B319D7310C74E4D006B2A57 /* LabelViewController.m */,
				3B319D7410C74E4D006B2A57 /* FastTableViewController.h */,
				3B319D7510C74E4D006B2A57 /* FastTableViewController.m */,
			);
			name = TableView;
			sourceTree = "<group>";
		};
		3BFECF0D10D1C69E0005C88A /* Calendar */ = {
			isa = PBXGroup;
			children = (
				3B319D7E10C74E4D006B2A57 /* DemoCalendarMonth.h */,
				3B319D7F10C74E4D006B2A57 /* DemoCalendarMonth.m */,
			);
			name = Calendar;
			sourceTree = "<group>";
		};
		3BFECF0E10D1C6A60005C88A /* Graph */ = {
			isa = PBXGroup;
			children = (
				3B319D7A10C74E4D006B2A57 /* GraphController.h */,
				3B319D7B10C74E4D006B2A57 /* GraphController.m */,
			);
			name = Graph;
			sourceTree = "<group>";
		};
		3BFECF0F10D1C6AD0005C88A /* Overview */ = {
			isa = PBXGroup;
			children = (
				3B319D7010C74E4D006B2A57 /* OverviewController.h */,
				3B319D7110C74E4D006B2A57 /* OverviewController.m */,
			);
			name = Overview;
			sourceTree = "<group>";
		};
		3BFECF1010D1C6BE0005C88A /* HUD */ = {
			isa = PBXGroup;
			children = (
				3B319D7610C74E4D006B2A57 /* HUDViewController.h */,
				3B319D7710C74E4D006B2A57 /* HUDViewController.m */,
			);
			name = HUD;
			sourceTree = "<group>";
		};
		3BFECF1110D1C6C40005C88A /* Map */ = {
			isa = PBXGroup;
			children = (
				3B319D7810C74E4D006B2A57 /* MapViewController.h */,
				3B319D7910C74E4D006B2A57 /* MapViewController.m */,
			);
			name = Map;
			sourceTree = "<group>";
		};
		3BFECF1210D1C6C90005C88A /* Empty */ = {
			isa = PBXGroup;
			children = (
				3B319D7C10C74E4D006B2A57 /* EmptyViewController.h */,
				3B319D7D10C74E4D006B2A57 /* EmptyViewController.m */,
			);
			name = Empty;
			sourceTree = "<group>";
		};
/* End PBXGroup section */

/* Begin PBXNativeTarget section */
		1D6058900D05DD3D006BFB54 /* TapkuLibraryDemo */ = {
			isa = PBXNativeTarget;
			buildConfigurationList = 1D6058960D05DD3E006BFB54 /* Build configuration list for PBXNativeTarget "TapkuLibraryDemo" */;
			buildPhases = (
				1D60588D0D05DD3D006BFB54 /* Resources */,
				1D60588E0D05DD3D006BFB54 /* Sources */,
				1D60588F0D05DD3D006BFB54 /* Frameworks */,
			);
			buildRules = (
			);
			dependencies = (
				3B319D1910C74C97006B2A57 /* PBXTargetDependency */,
			);
			name = TapkuLibraryDemo;
			productName = TapkuLibraryDemo;
			productReference = 1D6058910D05DD3D006BFB54 /* TapkuLibraryDemo.app */;
			productType = "com.apple.product-type.application";
		};
/* End PBXNativeTarget section */

/* Begin PBXProject section */
		29B97313FDCFA39411CA2CEA /* Project object */ = {
			isa = PBXProject;
			buildConfigurationList = C01FCF4E08A954540054247B /* Build configuration list for PBXProject "TapkuLibraryDemo" */;
			compatibilityVersion = "Xcode 3.1";
			hasScannedForEncodings = 1;
			knownRegions = (
				English,
				Japanese,
				French,
				German,
				en,
			);
			mainGroup = 29B97314FDCFA39411CA2CEA /* CustomTemplate */;
			projectDirPath = "";
			projectReferences = (
				{
					ProductGroup = 3B319D0C10C74C8B006B2A57 /* Products */;
					ProjectRef = 3B319D0B10C74C8B006B2A57 /* TapkuLibrary.xcodeproj */;
				},
			);
			projectRoot = "";
			targets = (
				1D6058900D05DD3D006BFB54 /* TapkuLibraryDemo */,
			);
		};
/* End PBXProject section */

/* Begin PBXReferenceProxy section */
		3B319D1010C74C8B006B2A57 /* libTapkuLibrary.a */ = {
			isa = PBXReferenceProxy;
			fileType = archive.ar;
			path = libTapkuLibrary.a;
			remoteRef = 3B319D0F10C74C8B006B2A57 /* PBXContainerItemProxy */;
			sourceTree = BUILT_PRODUCTS_DIR;
		};
/* End PBXReferenceProxy section */

/* Begin PBXResourcesBuildPhase section */
		1D60588D0D05DD3D006BFB54 /* Resources */ = {
			isa = PBXResourcesBuildPhase;
			buildActionMask = 2147483647;
			files = (
				28AD73600D9D9599002E5188 /* MainWindow.xib in Resources */,
				28F335F11007B36200424DE2 /* RootViewController.xib in Resources */,
				3B319D5410C74DC9006B2A57 /* TapkuLibrary.bundle in Resources */,
				3B319D6210C74DED006B2A57 /* icon.png in Resources */,
				3B319D6410C74DF7006B2A57 /* note.png in Resources */,
				3BFECE4B10D070DF0005C88A /* image.png in Resources */,
				3B917D3010F34D3200049677 /* cover_1.jpg in Resources */,
				3B917D3110F34D3200049677 /* cover_2.jpg in Resources */,
				3B917D3210F34D3200049677 /* cover_3.jpg in Resources */,
				3B917D3310F34D3200049677 /* cover_4.jpg in Resources */,
				3B917D3410F34D3200049677 /* cover_5.jpg in Resources */,
				3B917D3510F34D3200049677 /* cover_6.jpg in Resources */,
				3BCAC5E411115335004DBAA6 /* cover_9.jpeg in Resources */,
				3BCAC5E71111533A004DBAA6 /* cover_7.jpg in Resources */,
				3BCAC5E81111533A004DBAA6 /* cover_8.jpg in Resources */,
			);
			runOnlyForDeploymentPostprocessing = 0;
		};
/* End PBXResourcesBuildPhase section */

/* Begin PBXSourcesBuildPhase section */
		1D60588E0D05DD3D006BFB54 /* Sources */ = {
			isa = PBXSourcesBuildPhase;
			buildActionMask = 2147483647;
			files = (
				1D60589B0D05DD56006BFB54 /* main.m in Sources */,
				1D3623260D0F684500981E51 /* AppDelegate.m in Sources */,
				28C286E10D94DF7D0034E888 /* RootViewController.m in Sources */,
				3B319D8010C74E4D006B2A57 /* OverviewController.m in Sources */,
				3B319D8110C74E4D006B2A57 /* LabelViewController.m in Sources */,
				3B319D8210C74E4D006B2A57 /* FastTableViewController.m in Sources */,
				3B319D8310C74E4D006B2A57 /* HUDViewController.m in Sources */,
				3B319D8410C74E4D006B2A57 /* MapViewController.m in Sources */,
				3B319D8510C74E4D006B2A57 /* GraphController.m in Sources */,
				3B319D8610C74E4D006B2A57 /* EmptyViewController.m in Sources */,
				3B319D8710C74E4D006B2A57 /* DemoCalendarMonth.m in Sources */,
				3B917CF210F34C1F00049677 /* CoverflowViewController.m in Sources */,
			);
			runOnlyForDeploymentPostprocessing = 0;
		};
/* End PBXSourcesBuildPhase section */

/* Begin PBXTargetDependency section */
		3B319D1910C74C97006B2A57 /* PBXTargetDependency */ = {
			isa = PBXTargetDependency;
			name = TapkuLibrary;
			targetProxy = 3B319D1810C74C97006B2A57 /* PBXContainerItemProxy */;
		};
/* End PBXTargetDependency section */

/* Begin XCBuildConfiguration section */
		1D6058940D05DD3E006BFB54 /* Debug */ = {
			isa = XCBuildConfiguration;
			buildSettings = {
				ALWAYS_SEARCH_USER_PATHS = YES;
				COPY_PHASE_STRIP = NO;
				GCC_DYNAMIC_NO_PIC = NO;
				GCC_OPTIMIZATION_LEVEL = 0;
				GCC_PRECOMPILE_PREFIX_HEADER = YES;
				GCC_PREFIX_HEADER = TapkuLibraryDemo_Prefix.pch;
				HEADER_SEARCH_PATHS = ../src;
				INFOPLIST_FILE = "TapkuLibraryDemo-Info.plist";
				OTHER_LDFLAGS = (
					"-all_load",
					"-ObjC",
				);
				PRODUCT_NAME = TapkuLibraryDemo;
			};
			name = Debug;
		};
		1D6058950D05DD3E006BFB54 /* Release */ = {
			isa = XCBuildConfiguration;
			buildSettings = {
				ALWAYS_SEARCH_USER_PATHS = YES;
				COPY_PHASE_STRIP = YES;
				GCC_PRECOMPILE_PREFIX_HEADER = YES;
				GCC_PREFIX_HEADER = TapkuLibraryDemo_Prefix.pch;
				HEADER_SEARCH_PATHS = ../src;
				INFOPLIST_FILE = "TapkuLibraryDemo-Info.plist";
				OTHER_LDFLAGS = (
					"-all_load",
					"-ObjC",
				);
				PRODUCT_NAME = TapkuLibraryDemo;
			};
			name = Release;
		};
		C01FCF4F08A954540054247B /* Debug */ = {
			isa = XCBuildConfiguration;
			buildSettings = {
				ARCHS = "$(ARCHS_STANDARD_32_BIT)";
				"CODE_SIGN_IDENTITY[sdk=iphoneos*]" = "iPhone Developer: D Ross";
				GCC_C_LANGUAGE_STANDARD = c99;
				GCC_WARN_ABOUT_RETURN_TYPE = YES;
				GCC_WARN_UNUSED_VARIABLE = YES;
				PREBINDING = NO;
				"PROVISIONING_PROFILE[sdk=iphoneos*]" = "2A411C78-2BC6-4253-A795-6FA2C46BB521";
				SDKROOT = iphoneos3.1.2;
			};
			name = Debug;
		};
		C01FCF5008A954540054247B /* Release */ = {
			isa = XCBuildConfiguration;
			buildSettings = {
				ARCHS = "$(ARCHS_STANDARD_32_BIT)";
				"CODE_SIGN_IDENTITY[sdk=iphoneos*]" = "iPhone Developer: D Ross";
				GCC_C_LANGUAGE_STANDARD = c99;
				GCC_WARN_ABOUT_RETURN_TYPE = YES;
				GCC_WARN_UNUSED_VARIABLE = YES;
				PREBINDING = NO;
				"PROVISIONING_PROFILE[sdk=iphoneos*]" = "2A411C78-2BC6-4253-A795-6FA2C46BB521";
				SDKROOT = iphoneos3.0;
			};
			name = Release;
		};
/* End XCBuildConfiguration section */

/* Begin XCConfigurationList section */
		1D6058960D05DD3E006BFB54 /* Build configuration list for PBXNativeTarget "TapkuLibraryDemo" */ = {
			isa = XCConfigurationList;
			buildConfigurations = (
				1D6058940D05DD3E006BFB54 /* Debug */,
				1D6058950D05DD3E006BFB54 /* Release */,
			);
			defaultConfigurationIsVisible = 0;
			defaultConfigurationName = Release;
		};
		C01FCF4E08A954540054247B /* Build configuration list for PBXProject "TapkuLibraryDemo" */ = {
			isa = XCConfigurationList;
			buildConfigurations = (
				C01FCF4F08A954540054247B /* Debug */,
				C01FCF5008A954540054247B /* Release */,
			);
			defaultConfigurationIsVisible = 0;
			defaultConfigurationName = Release;
		};
/* End XCConfigurationList section */
	};
	rootObject = 29B97313FDCFA39411CA2CEA /* Project object */;
}
