// !$*UTF8*$!
{
	archiveVersion = 1;
	classes = {
	};
	objectVersion = 45;
	objects = {

/* Begin PBXBuildFile section */
		3A9D679B108CA65900F70559 /* QuartzCore.framework in Frameworks */ = {isa = PBXBuildFile; fileRef = 3A9D679A108CA65900F70559 /* QuartzCore.framework */; };
		3A9D67E8108CAB8E00F70559 /* ODCalendarDayEvent.h in Headers */ = {isa = PBXBuildFile; fileRef = 3A9D67E6108CAB8E00F70559 /* ODCalendarDayEvent.h */; };
		3A9D67E9108CAB8E00F70559 /* ODCalendarDayEvent.m in Sources */ = {isa = PBXBuildFile; fileRef = 3A9D67E7108CAB8E00F70559 /* ODCalendarDayEvent.m */; };
		3ABD69CB108B49C50039AD14 /* ODCalendarDayTimelineView.h in Headers */ = {isa = PBXBuildFile; fileRef = 3ABD69C9108B49C50039AD14 /* ODCalendarDayTimelineView.h */; };
		3ABD69CC108B49C50039AD14 /* ODCalendarDayTimelineView.m in Sources */ = {isa = PBXBuildFile; fileRef = 3ABD69CA108B49C50039AD14 /* ODCalendarDayTimelineView.m */; };
		3ABD6A19108B64000039AD14 /* ODCalendarDayViewController.h in Headers */ = {isa = PBXBuildFile; fileRef = 3ABD6A17108B64000039AD14 /* ODCalendarDayViewController.h */; };
		3ABD6A1A108B64000039AD14 /* ODCalendarDayViewController.m in Sources */ = {isa = PBXBuildFile; fileRef = 3ABD6A18108B64000039AD14 /* ODCalendarDayViewController.m */; };
		3B0279070FFC55A8004A23C5 /* TKLabelCell.h in Headers */ = {isa = PBXBuildFile; fileRef = 3B0279050FFC55A8004A23C5 /* TKLabelCell.h */; };
		3B0279080FFC55A8004A23C5 /* TKLabelCell.m in Sources */ = {isa = PBXBuildFile; fileRef = 3B0279060FFC55A8004A23C5 /* TKLabelCell.m */; };
		3B0279390FFC598A004A23C5 /* TapkuLibrary.h in Headers */ = {isa = PBXBuildFile; fileRef = 3B0279370FFC598A004A23C5 /* TapkuLibrary.h */; };
		3B027A390FFC623B004A23C5 /* TKLabelTextViewCell.h in Headers */ = {isa = PBXBuildFile; fileRef = 3B027A370FFC623B004A23C5 /* TKLabelTextViewCell.h */; };
		3B027A3A0FFC623B004A23C5 /* TKLabelTextViewCell.m in Sources */ = {isa = PBXBuildFile; fileRef = 3B027A380FFC623B004A23C5 /* TKLabelTextViewCell.m */; };
		3B027AE20FFC674F004A23C5 /* TKLabelTextFieldCell.h in Headers */ = {isa = PBXBuildFile; fileRef = 3B027AE00FFC674F004A23C5 /* TKLabelTextFieldCell.h */; };
		3B027AE30FFC674F004A23C5 /* TKLabelTextFieldCell.m in Sources */ = {isa = PBXBuildFile; fileRef = 3B027AE10FFC674F004A23C5 /* TKLabelTextFieldCell.m */; };
		3B027B560FFC6F43004A23C5 /* TKLabelFieldCell.h in Headers */ = {isa = PBXBuildFile; fileRef = 3B027B540FFC6F43004A23C5 /* TKLabelFieldCell.h */; };
		3B027B570FFC6F43004A23C5 /* TKLabelFieldCell.m in Sources */ = {isa = PBXBuildFile; fileRef = 3B027B550FFC6F43004A23C5 /* TKLabelFieldCell.m */; };
		3B027BBE0FFC77D8004A23C5 /* LoadingHUDView.h in Headers */ = {isa = PBXBuildFile; fileRef = 3B027BBC0FFC77D8004A23C5 /* LoadingHUDView.h */; };
		3B027BBF0FFC77D8004A23C5 /* LoadingHUDView.m in Sources */ = {isa = PBXBuildFile; fileRef = 3B027BBD0FFC77D8004A23C5 /* LoadingHUDView.m */; };
		3B0280560FFD77E8004A23C5 /* TKButtonCell.h in Headers */ = {isa = PBXBuildFile; fileRef = 3B0280540FFD77E8004A23C5 /* TKButtonCell.h */; };
		3B0280570FFD77E8004A23C5 /* TKButtonCell.m in Sources */ = {isa = PBXBuildFile; fileRef = 3B0280550FFD77E8004A23C5 /* TKButtonCell.m */; };
		3B0280B50FFD7AD3004A23C5 /* TKLabelSwitchCell.h in Headers */ = {isa = PBXBuildFile; fileRef = 3B0280B30FFD7AD3004A23C5 /* TKLabelSwitchCell.h */; };
		3B0280B60FFD7AD3004A23C5 /* TKLabelSwitchCell.m in Sources */ = {isa = PBXBuildFile; fileRef = 3B0280B40FFD7AD3004A23C5 /* TKLabelSwitchCell.m */; };
		3B0286240FFFC5F3004A23C5 /* ABTableViewCell.h in Headers */ = {isa = PBXBuildFile; fileRef = 3B0286220FFFC5F3004A23C5 /* ABTableViewCell.h */; };
		3B0286250FFFC5F3004A23C5 /* ABTableViewCell.m in Sources */ = {isa = PBXBuildFile; fileRef = 3B0286230FFFC5F3004A23C5 /* ABTableViewCell.m */; };
		3B02862C0FFFC660004A23C5 /* FSIndicatorCell.h in Headers */ = {isa = PBXBuildFile; fileRef = 3B02862A0FFFC660004A23C5 /* FSIndicatorCell.h */; };
		3B02862D0FFFC660004A23C5 /* FSIndicatorCell.m in Sources */ = {isa = PBXBuildFile; fileRef = 3B02862B0FFFC660004A23C5 /* FSIndicatorCell.m */; };
		3B583415101152A40082E0D8 /* TKTimeGraph.h in Headers */ = {isa = PBXBuildFile; fileRef = 3B583413101152A40082E0D8 /* TKTimeGraph.h */; };
		3B583416101152A40082E0D8 /* TKTimeGraph.m in Sources */ = {isa = PBXBuildFile; fileRef = 3B583414101152A40082E0D8 /* TKTimeGraph.m */; };
		3B702C5A101AA082008C3D59 /* TKTimeGraphController.h in Headers */ = {isa = PBXBuildFile; fileRef = 3B702C58101AA082008C3D59 /* TKTimeGraphController.h */; };
		3B702C5B101AA082008C3D59 /* TKTimeGraphController.m in Sources */ = {isa = PBXBuildFile; fileRef = 3B702C59101AA082008C3D59 /* TKTimeGraphController.m */; };
		3B7228E01009221D00816B29 /* TKMapView.h in Headers */ = {isa = PBXBuildFile; fileRef = 3B7228DE1009221D00816B29 /* TKMapView.h */; };
		3B7228E11009221D00816B29 /* TKMapView.m in Sources */ = {isa = PBXBuildFile; fileRef = 3B7228DF1009221D00816B29 /* TKMapView.m */; };
		3B7228E51009229400816B29 /* MapKit.framework in Frameworks */ = {isa = PBXBuildFile; fileRef = 3B7228E41009229400816B29 /* MapKit.framework */; };
		3B722A421009339100816B29 /* TKPlace.h in Headers */ = {isa = PBXBuildFile; fileRef = 3B722A401009339100816B29 /* TKPlace.h */; };
		3B722A431009339100816B29 /* TKPlace.m in Sources */ = {isa = PBXBuildFile; fileRef = 3B722A411009339100816B29 /* TKPlace.m */; };
		3B72334E100BB6C700816B29 /* TKOverviewTableViewController.h in Headers */ = {isa = PBXBuildFile; fileRef = 3B72334C100BB6C700816B29 /* TKOverviewTableViewController.h */; };
		3B72334F100BB6C700816B29 /* TKOverviewTableViewController.m in Sources */ = {isa = PBXBuildFile; fileRef = 3B72334D100BB6C700816B29 /* TKOverviewTableViewController.m */; };
		3B72337F100BB8E400816B29 /* TKOverviewHeaderView.h in Headers */ = {isa = PBXBuildFile; fileRef = 3B72337D100BB8E400816B29 /* TKOverviewHeaderView.h */; };
		3B723380100BB8E400816B29 /* TKOverviewHeaderView.m in Sources */ = {isa = PBXBuildFile; fileRef = 3B72337E100BB8E400816B29 /* TKOverviewHeaderView.m */; };
		3B907C921014FB06006FEA40 /* FSSubtitleCell.h in Headers */ = {isa = PBXBuildFile; fileRef = 3B907C901014FB06006FEA40 /* FSSubtitleCell.h */; };
		3B907C931014FB06006FEA40 /* FSSubtitleCell.m in Sources */ = {isa = PBXBuildFile; fileRef = 3B907C911014FB06006FEA40 /* FSSubtitleCell.m */; };
		3B907D531015071A006FEA40 /* TKOverviewIndicatorView.h in Headers */ = {isa = PBXBuildFile; fileRef = 3B907D511015071A006FEA40 /* TKOverviewIndicatorView.h */; };
		3B907D541015071A006FEA40 /* TKOverviewIndicatorView.m in Sources */ = {isa = PBXBuildFile; fileRef = 3B907D521015071A006FEA40 /* TKOverviewIndicatorView.m */; };
		3B96E6AD10240B19006D6EDD /* NSDateAdditions.h in Headers */ = {isa = PBXBuildFile; fileRef = 3B96E6AB10240B19006D6EDD /* NSDateAdditions.h */; };
		3B96E6AE10240B19006D6EDD /* NSDateAdditions.m in Sources */ = {isa = PBXBuildFile; fileRef = 3B96E6AC10240B19006D6EDD /* NSDateAdditions.m */; };
		3B96E6B510240B2D006D6EDD /* TKCalendarViewController.h in Headers */ = {isa = PBXBuildFile; fileRef = 3B96E6AF10240B2D006D6EDD /* TKCalendarViewController.h */; };
		3B96E6B610240B2D006D6EDD /* TKCalendarViewController.m in Sources */ = {isa = PBXBuildFile; fileRef = 3B96E6B010240B2D006D6EDD /* TKCalendarViewController.m */; };
		3B96E6B710240B2D006D6EDD /* TKCalendarView.h in Headers */ = {isa = PBXBuildFile; fileRef = 3B96E6B110240B2D006D6EDD /* TKCalendarView.h */; };
		3B96E6B810240B2D006D6EDD /* TKCalendarView.m in Sources */ = {isa = PBXBuildFile; fileRef = 3B96E6B210240B2D006D6EDD /* TKCalendarView.m */; };
		3B96E6B910240B2D006D6EDD /* TKCalendarMonthView.h in Headers */ = {isa = PBXBuildFile; fileRef = 3B96E6B310240B2D006D6EDD /* TKCalendarMonthView.h */; };
		3B96E6BA10240B2D006D6EDD /* TKCalendarMonthView.m in Sources */ = {isa = PBXBuildFile; fileRef = 3B96E6B410240B2D006D6EDD /* TKCalendarMonthView.m */; };
		3B96F26110269DAA006D6EDD /* TKTextViewCell.h in Headers */ = {isa = PBXBuildFile; fileRef = 3B96F25F10269DAA006D6EDD /* TKTextViewCell.h */; };
		3B96F26210269DAA006D6EDD /* TKTextViewCell.m in Sources */ = {isa = PBXBuildFile; fileRef = 3B96F26010269DAA006D6EDD /* TKTextViewCell.m */; };
		3B96F2E51026A7DC006D6EDD /* TKSwitchCell.h in Headers */ = {isa = PBXBuildFile; fileRef = 3B96F2E31026A7DC006D6EDD /* TKSwitchCell.h */; };
		3B96F2E61026A7DC006D6EDD /* TKSwitchCell.m in Sources */ = {isa = PBXBuildFile; fileRef = 3B96F2E41026A7DC006D6EDD /* TKSwitchCell.m */; };
		3B9D47DE101B995C00FEF5E2 /* TKGlobal.h in Headers */ = {isa = PBXBuildFile; fileRef = 3B9D47DC101B995C00FEF5E2 /* TKGlobal.h */; };
		3B9D47DF101B995C00FEF5E2 /* TKGlobal.m in Sources */ = {isa = PBXBuildFile; fileRef = 3B9D47DD101B995C00FEF5E2 /* TKGlobal.m */; };
		3B9D4844101BA33600FEF5E2 /* UIImageAdditions.h in Headers */ = {isa = PBXBuildFile; fileRef = 3B9D4842101BA33600FEF5E2 /* UIImageAdditions.h */; };
		3B9D4845101BA33600FEF5E2 /* UIImageAdditions.m in Sources */ = {isa = PBXBuildFile; fileRef = 3B9D4843101BA33600FEF5E2 /* UIImageAdditions.m */; };
		3B9D4B2E101BFFF700FEF5E2 /* UIViewAdditions.h in Headers */ = {isa = PBXBuildFile; fileRef = 3B9D4B2C101BFFF700FEF5E2 /* UIViewAdditions.h */; };
		3B9D4B2F101BFFF700FEF5E2 /* UIViewAdditions.m in Sources */ = {isa = PBXBuildFile; fileRef = 3B9D4B2D101BFFF700FEF5E2 /* UIViewAdditions.m */; };
		3BAD71621019B1E9002363FD /* TKEmptyView.h in Headers */ = {isa = PBXBuildFile; fileRef = 3BAD71601019B1E9002363FD /* TKEmptyView.h */; };
		3BAD71631019B1E9002363FD /* TKEmptyView.m in Sources */ = {isa = PBXBuildFile; fileRef = 3BAD71611019B1E9002363FD /* TKEmptyView.m */; };
		AA747D9F0F9514B9006C5449 /* TapkuLibrary_Prefix.pch in Headers */ = {isa = PBXBuildFile; fileRef = AA747D9E0F9514B9006C5449 /* TapkuLibrary_Prefix.pch */; };
		AACBBE4A0F95108600F1A2B1 /* Foundation.framework in Frameworks */ = {isa = PBXBuildFile; fileRef = AACBBE490F95108600F1A2B1 /* Foundation.framework */; };
/* End PBXBuildFile section */

/* Begin PBXFileReference section */
		3A9D679A108CA65900F70559 /* QuartzCore.framework */ = {isa = PBXFileReference; lastKnownFileType = wrapper.framework; name = QuartzCore.framework; path = System/Library/Frameworks/QuartzCore.framework; sourceTree = SDKROOT; };
		3A9D67E6108CAB8E00F70559 /* ODCalendarDayEvent.h */ = {isa = PBXFileReference; fileEncoding = 4; lastKnownFileType = sourcecode.c.h; path = ODCalendarDayEvent.h; sourceTree = "<group>"; };
		3A9D67E7108CAB8E00F70559 /* ODCalendarDayEvent.m */ = {isa = PBXFileReference; fileEncoding = 4; lastKnownFileType = sourcecode.c.objc; path = ODCalendarDayEvent.m; sourceTree = "<group>"; };
		3ABD69C9108B49C50039AD14 /* ODCalendarDayTimelineView.h */ = {isa = PBXFileReference; fileEncoding = 4; lastKnownFileType = sourcecode.c.h; path = ODCalendarDayTimelineView.h; sourceTree = "<group>"; };
		3ABD69CA108B49C50039AD14 /* ODCalendarDayTimelineView.m */ = {isa = PBXFileReference; fileEncoding = 4; lastKnownFileType = sourcecode.c.objc; path = ODCalendarDayTimelineView.m; sourceTree = "<group>"; };
		3ABD6A17108B64000039AD14 /* ODCalendarDayViewController.h */ = {isa = PBXFileReference; fileEncoding = 4; lastKnownFileType = sourcecode.c.h; path = ODCalendarDayViewController.h; sourceTree = "<group>"; };
		3ABD6A18108B64000039AD14 /* ODCalendarDayViewController.m */ = {isa = PBXFileReference; fileEncoding = 4; lastKnownFileType = sourcecode.c.objc; path = ODCalendarDayViewController.m; sourceTree = "<group>"; };
		3B0279050FFC55A8004A23C5 /* TKLabelCell.h */ = {isa = PBXFileReference; fileEncoding = 4; lastKnownFileType = sourcecode.c.h; path = TKLabelCell.h; sourceTree = "<group>"; };
		3B0279060FFC55A8004A23C5 /* TKLabelCell.m */ = {isa = PBXFileReference; fileEncoding = 4; lastKnownFileType = sourcecode.c.objc; path = TKLabelCell.m; sourceTree = "<group>"; };
		3B0279370FFC598A004A23C5 /* TapkuLibrary.h */ = {isa = PBXFileReference; fileEncoding = 4; lastKnownFileType = sourcecode.c.h; path = TapkuLibrary.h; sourceTree = "<group>"; };
		3B027A370FFC623B004A23C5 /* TKLabelTextViewCell.h */ = {isa = PBXFileReference; fileEncoding = 4; lastKnownFileType = sourcecode.c.h; path = TKLabelTextViewCell.h; sourceTree = "<group>"; };
		3B027A380FFC623B004A23C5 /* TKLabelTextViewCell.m */ = {isa = PBXFileReference; fileEncoding = 4; lastKnownFileType = sourcecode.c.objc; path = TKLabelTextViewCell.m; sourceTree = "<group>"; };
		3B027AE00FFC674F004A23C5 /* TKLabelTextFieldCell.h */ = {isa = PBXFileReference; fileEncoding = 4; lastKnownFileType = sourcecode.c.h; path = TKLabelTextFieldCell.h; sourceTree = "<group>"; };
		3B027AE10FFC674F004A23C5 /* TKLabelTextFieldCell.m */ = {isa = PBXFileReference; fileEncoding = 4; lastKnownFileType = sourcecode.c.objc; path = TKLabelTextFieldCell.m; sourceTree = "<group>"; };
		3B027B540FFC6F43004A23C5 /* TKLabelFieldCell.h */ = {isa = PBXFileReference; fileEncoding = 4; lastKnownFileType = sourcecode.c.h; path = TKLabelFieldCell.h; sourceTree = "<group>"; };
		3B027B550FFC6F43004A23C5 /* TKLabelFieldCell.m */ = {isa = PBXFileReference; fileEncoding = 4; lastKnownFileType = sourcecode.c.objc; path = TKLabelFieldCell.m; sourceTree = "<group>"; };
		3B027BBC0FFC77D8004A23C5 /* LoadingHUDView.h */ = {isa = PBXFileReference; fileEncoding = 4; lastKnownFileType = sourcecode.c.h; path = LoadingHUDView.h; sourceTree = "<group>"; };
		3B027BBD0FFC77D8004A23C5 /* LoadingHUDView.m */ = {isa = PBXFileReference; fileEncoding = 4; lastKnownFileType = sourcecode.c.objc; path = LoadingHUDView.m; sourceTree = "<group>"; };
		3B0280540FFD77E8004A23C5 /* TKButtonCell.h */ = {isa = PBXFileReference; fileEncoding = 4; lastKnownFileType = sourcecode.c.h; path = TKButtonCell.h; sourceTree = "<group>"; };
		3B0280550FFD77E8004A23C5 /* TKButtonCell.m */ = {isa = PBXFileReference; fileEncoding = 4; lastKnownFileType = sourcecode.c.objc; path = TKButtonCell.m; sourceTree = "<group>"; };
		3B0280B30FFD7AD3004A23C5 /* TKLabelSwitchCell.h */ = {isa = PBXFileReference; fileEncoding = 4; lastKnownFileType = sourcecode.c.h; path = TKLabelSwitchCell.h; sourceTree = "<group>"; };
		3B0280B40FFD7AD3004A23C5 /* TKLabelSwitchCell.m */ = {isa = PBXFileReference; fileEncoding = 4; lastKnownFileType = sourcecode.c.objc; path = TKLabelSwitchCell.m; sourceTree = "<group>"; };
		3B0286220FFFC5F3004A23C5 /* ABTableViewCell.h */ = {isa = PBXFileReference; fileEncoding = 4; lastKnownFileType = sourcecode.c.h; path = ABTableViewCell.h; sourceTree = "<group>"; };
		3B0286230FFFC5F3004A23C5 /* ABTableViewCell.m */ = {isa = PBXFileReference; fileEncoding = 4; lastKnownFileType = sourcecode.c.objc; path = ABTableViewCell.m; sourceTree = "<group>"; };
		3B02862A0FFFC660004A23C5 /* FSIndicatorCell.h */ = {isa = PBXFileReference; fileEncoding = 4; lastKnownFileType = sourcecode.c.h; path = FSIndicatorCell.h; sourceTree = "<group>"; };
		3B02862B0FFFC660004A23C5 /* FSIndicatorCell.m */ = {isa = PBXFileReference; fileEncoding = 4; lastKnownFileType = sourcecode.c.objc; path = FSIndicatorCell.m; sourceTree = "<group>"; };
		3B583413101152A40082E0D8 /* TKTimeGraph.h */ = {isa = PBXFileReference; fileEncoding = 4; lastKnownFileType = sourcecode.c.h; path = TKTimeGraph.h; sourceTree = "<group>"; };
		3B583414101152A40082E0D8 /* TKTimeGraph.m */ = {isa = PBXFileReference; fileEncoding = 4; lastKnownFileType = sourcecode.c.objc; path = TKTimeGraph.m; sourceTree = "<group>"; };
		3B702C58101AA082008C3D59 /* TKTimeGraphController.h */ = {isa = PBXFileReference; fileEncoding = 4; lastKnownFileType = sourcecode.c.h; path = TKTimeGraphController.h; sourceTree = "<group>"; };
		3B702C59101AA082008C3D59 /* TKTimeGraphController.m */ = {isa = PBXFileReference; fileEncoding = 4; lastKnownFileType = sourcecode.c.objc; path = TKTimeGraphController.m; sourceTree = "<group>"; };
		3B7228DE1009221D00816B29 /* TKMapView.h */ = {isa = PBXFileReference; fileEncoding = 4; lastKnownFileType = sourcecode.c.h; path = TKMapView.h; sourceTree = "<group>"; };
		3B7228DF1009221D00816B29 /* TKMapView.m */ = {isa = PBXFileReference; fileEncoding = 4; lastKnownFileType = sourcecode.c.objc; path = TKMapView.m; sourceTree = "<group>"; };
		3B7228E41009229400816B29 /* MapKit.framework */ = {isa = PBXFileReference; lastKnownFileType = wrapper.framework; name = MapKit.framework; path = System/Library/Frameworks/MapKit.framework; sourceTree = SDKROOT; };
		3B722A401009339100816B29 /* TKPlace.h */ = {isa = PBXFileReference; fileEncoding = 4; lastKnownFileType = sourcecode.c.h; path = TKPlace.h; sourceTree = "<group>"; };
		3B722A411009339100816B29 /* TKPlace.m */ = {isa = PBXFileReference; fileEncoding = 4; lastKnownFileType = sourcecode.c.objc; path = TKPlace.m; sourceTree = "<group>"; };
		3B72334C100BB6C700816B29 /* TKOverviewTableViewController.h */ = {isa = PBXFileReference; fileEncoding = 4; lastKnownFileType = sourcecode.c.h; path = TKOverviewTableViewController.h; sourceTree = "<group>"; };
		3B72334D100BB6C700816B29 /* TKOverviewTableViewController.m */ = {isa = PBXFileReference; fileEncoding = 4; lastKnownFileType = sourcecode.c.objc; path = TKOverviewTableViewController.m; sourceTree = "<group>"; };
		3B72337D100BB8E400816B29 /* TKOverviewHeaderView.h */ = {isa = PBXFileReference; fileEncoding = 4; lastKnownFileType = sourcecode.c.h; path = TKOverviewHeaderView.h; sourceTree = "<group>"; };
		3B72337E100BB8E400816B29 /* TKOverviewHeaderView.m */ = {isa = PBXFileReference; fileEncoding = 4; lastKnownFileType = sourcecode.c.objc; path = TKOverviewHeaderView.m; sourceTree = "<group>"; };
		3B907C901014FB06006FEA40 /* FSSubtitleCell.h */ = {isa = PBXFileReference; fileEncoding = 4; lastKnownFileType = sourcecode.c.h; path = FSSubtitleCell.h; sourceTree = "<group>"; };
		3B907C911014FB06006FEA40 /* FSSubtitleCell.m */ = {isa = PBXFileReference; fileEncoding = 4; lastKnownFileType = sourcecode.c.objc; path = FSSubtitleCell.m; sourceTree = "<group>"; };
		3B907D511015071A006FEA40 /* TKOverviewIndicatorView.h */ = {isa = PBXFileReference; fileEncoding = 4; lastKnownFileType = sourcecode.c.h; path = TKOverviewIndicatorView.h; sourceTree = "<group>"; };
		3B907D521015071A006FEA40 /* TKOverviewIndicatorView.m */ = {isa = PBXFileReference; fileEncoding = 4; lastKnownFileType = sourcecode.c.objc; path = TKOverviewIndicatorView.m; sourceTree = "<group>"; };
		3B96E6AB10240B19006D6EDD /* NSDateAdditions.h */ = {isa = PBXFileReference; fileEncoding = 4; lastKnownFileType = sourcecode.c.h; path = NSDateAdditions.h; sourceTree = "<group>"; };
		3B96E6AC10240B19006D6EDD /* NSDateAdditions.m */ = {isa = PBXFileReference; fileEncoding = 4; lastKnownFileType = sourcecode.c.objc; path = NSDateAdditions.m; sourceTree = "<group>"; };
		3B96E6AF10240B2D006D6EDD /* TKCalendarViewController.h */ = {isa = PBXFileReference; fileEncoding = 4; lastKnownFileType = sourcecode.c.h; path = TKCalendarViewController.h; sourceTree = "<group>"; };
		3B96E6B010240B2D006D6EDD /* TKCalendarViewController.m */ = {isa = PBXFileReference; fileEncoding = 4; lastKnownFileType = sourcecode.c.objc; path = TKCalendarViewController.m; sourceTree = "<group>"; };
		3B96E6B110240B2D006D6EDD /* TKCalendarView.h */ = {isa = PBXFileReference; fileEncoding = 4; lastKnownFileType = sourcecode.c.h; path = TKCalendarView.h; sourceTree = "<group>"; };
		3B96E6B210240B2D006D6EDD /* TKCalendarView.m */ = {isa = PBXFileReference; fileEncoding = 4; lastKnownFileType = sourcecode.c.objc; path = TKCalendarView.m; sourceTree = "<group>"; };
		3B96E6B310240B2D006D6EDD /* TKCalendarMonthView.h */ = {isa = PBXFileReference; fileEncoding = 4; lastKnownFileType = sourcecode.c.h; path = TKCalendarMonthView.h; sourceTree = "<group>"; };
		3B96E6B410240B2D006D6EDD /* TKCalendarMonthView.m */ = {isa = PBXFileReference; fileEncoding = 4; lastKnownFileType = sourcecode.c.objc; path = TKCalendarMonthView.m; sourceTree = "<group>"; };
		3B96F25F10269DAA006D6EDD /* TKTextViewCell.h */ = {isa = PBXFileReference; fileEncoding = 4; lastKnownFileType = sourcecode.c.h; path = TKTextViewCell.h; sourceTree = "<group>"; };
		3B96F26010269DAA006D6EDD /* TKTextViewCell.m */ = {isa = PBXFileReference; fileEncoding = 4; lastKnownFileType = sourcecode.c.objc; path = TKTextViewCell.m; sourceTree = "<group>"; };
		3B96F2E31026A7DC006D6EDD /* TKSwitchCell.h */ = {isa = PBXFileReference; fileEncoding = 4; lastKnownFileType = sourcecode.c.h; path = TKSwitchCell.h; sourceTree = "<group>"; };
		3B96F2E41026A7DC006D6EDD /* TKSwitchCell.m */ = {isa = PBXFileReference; fileEncoding = 4; lastKnownFileType = sourcecode.c.objc; path = TKSwitchCell.m; sourceTree = "<group>"; };
		3B9D47DC101B995C00FEF5E2 /* TKGlobal.h */ = {isa = PBXFileReference; fileEncoding = 4; lastKnownFileType = sourcecode.c.h; path = TKGlobal.h; sourceTree = "<group>"; };
		3B9D47DD101B995C00FEF5E2 /* TKGlobal.m */ = {isa = PBXFileReference; fileEncoding = 4; lastKnownFileType = sourcecode.c.objc; path = TKGlobal.m; sourceTree = "<group>"; };
		3B9D4842101BA33600FEF5E2 /* UIImageAdditions.h */ = {isa = PBXFileReference; fileEncoding = 4; lastKnownFileType = sourcecode.c.h; path = UIImageAdditions.h; sourceTree = "<group>"; };
		3B9D4843101BA33600FEF5E2 /* UIImageAdditions.m */ = {isa = PBXFileReference; fileEncoding = 4; lastKnownFileType = sourcecode.c.objc; path = UIImageAdditions.m; sourceTree = "<group>"; };
		3B9D4B2C101BFFF700FEF5E2 /* UIViewAdditions.h */ = {isa = PBXFileReference; fileEncoding = 4; lastKnownFileType = sourcecode.c.h; path = UIViewAdditions.h; sourceTree = "<group>"; };
		3B9D4B2D101BFFF700FEF5E2 /* UIViewAdditions.m */ = {isa = PBXFileReference; fileEncoding = 4; lastKnownFileType = sourcecode.c.objc; path = UIViewAdditions.m; sourceTree = "<group>"; };
		3BAD71601019B1E9002363FD /* TKEmptyView.h */ = {isa = PBXFileReference; fileEncoding = 4; lastKnownFileType = sourcecode.c.h; path = TKEmptyView.h; sourceTree = "<group>"; };
		3BAD71611019B1E9002363FD /* TKEmptyView.m */ = {isa = PBXFileReference; fileEncoding = 4; lastKnownFileType = sourcecode.c.objc; path = TKEmptyView.m; sourceTree = "<group>"; };
		AA747D9E0F9514B9006C5449 /* TapkuLibrary_Prefix.pch */ = {isa = PBXFileReference; fileEncoding = 4; lastKnownFileType = sourcecode.c.h; path = TapkuLibrary_Prefix.pch; sourceTree = SOURCE_ROOT; };
		AACBBE490F95108600F1A2B1 /* Foundation.framework */ = {isa = PBXFileReference; lastKnownFileType = wrapper.framework; name = Foundation.framework; path = System/Library/Frameworks/Foundation.framework; sourceTree = SDKROOT; };
		D2AAC07E0554694100DB518D /* libTapkuLibrary.a */ = {isa = PBXFileReference; explicitFileType = archive.ar; includeInIndex = 0; path = libTapkuLibrary.a; sourceTree = BUILT_PRODUCTS_DIR; };
/* End PBXFileReference section */

/* Begin PBXFrameworksBuildPhase section */
		D2AAC07C0554694100DB518D /* Frameworks */ = {
			isa = PBXFrameworksBuildPhase;
			buildActionMask = 2147483647;
			files = (
				AACBBE4A0F95108600F1A2B1 /* Foundation.framework in Frameworks */,
				3B7228E51009229400816B29 /* MapKit.framework in Frameworks */,
				3A9D679B108CA65900F70559 /* QuartzCore.framework in Frameworks */,
			);
			runOnlyForDeploymentPostprocessing = 0;
		};
/* End PBXFrameworksBuildPhase section */

/* Begin PBXGroup section */
		034768DFFF38A50411DB9C8B /* Products */ = {
			isa = PBXGroup;
			children = (
				D2AAC07E0554694100DB518D /* libTapkuLibrary.a */,
			);
			name = Products;
			sourceTree = "<group>";
		};
		0867D691FE84028FC02AAC07 /* TapkuLibrary */ = {
			isa = PBXGroup;
			children = (
				08FB77AEFE84172EC02AAC07 /* Classes */,
				32C88DFF0371C24200C91783 /* Other Sources */,
				0867D69AFE84028FC02AAC07 /* Frameworks */,
				034768DFFF38A50411DB9C8B /* Products */,
			);
			name = TapkuLibrary;
			sourceTree = "<group>";
		};
		0867D69AFE84028FC02AAC07 /* Frameworks */ = {
			isa = PBXGroup;
			children = (
				3A9D679A108CA65900F70559 /* QuartzCore.framework */,
				3B7228E41009229400816B29 /* MapKit.framework */,
				AACBBE490F95108600F1A2B1 /* Foundation.framework */,
			);
			name = Frameworks;
			sourceTree = "<group>";
		};
		08FB77AEFE84172EC02AAC07 /* Classes */ = {
			isa = PBXGroup;
			children = (
				3B0279370FFC598A004A23C5 /* TapkuLibrary.h */,
				3B9D4933101BA7C500FEF5E2 /* Global */,
				3B027BB90FFC77CC004A23C5 /* Cells */,
				3B723348100BB69B00816B29 /* HUD */,
				3B723349100BB6A000816B29 /* Map */,
				3B723350100BB6CD00816B29 /* Overview View Controller */,
				3BAD758D101A9681002363FD /* Empty View */,
				3B583418101152A60082E0D8 /* Graph */,
				3B96E6BC10240B2F006D6EDD /* Calendar */,
			);
			name = Classes;
			sourceTree = "<group>";
		};
		32C88DFF0371C24200C91783 /* Other Sources */ = {
			isa = PBXGroup;
			children = (
				AA747D9E0F9514B9006C5449 /* TapkuLibrary_Prefix.pch */,
			);
			name = "Other Sources";
			sourceTree = "<group>";
		};
		3ABD69C7108B48DB0039AD14 /* Month View */ = {
			isa = PBXGroup;
			children = (
				3B96E6AF10240B2D006D6EDD /* TKCalendarViewController.h */,
				3B96E6B010240B2D006D6EDD /* TKCalendarViewController.m */,
				3B96E6B110240B2D006D6EDD /* TKCalendarView.h */,
				3B96E6B210240B2D006D6EDD /* TKCalendarView.m */,
				3B96E6B310240B2D006D6EDD /* TKCalendarMonthView.h */,
				3B96E6B410240B2D006D6EDD /* TKCalendarMonthView.m */,
			);
			name = "Month View";
			sourceTree = "<group>";
		};
		3ABD69C8108B49160039AD14 /* Day View */ = {
			isa = PBXGroup;
			children = (
				3ABD6A17108B64000039AD14 /* ODCalendarDayViewController.h */,
				3ABD6A18108B64000039AD14 /* ODCalendarDayViewController.m */,
				3A9D67E6108CAB8E00F70559 /* ODCalendarDayEvent.h */,
				3A9D67E7108CAB8E00F70559 /* ODCalendarDayEvent.m */,
				3ABD69C9108B49C50039AD14 /* ODCalendarDayTimelineView.h */,
				3ABD69CA108B49C50039AD14 /* ODCalendarDayTimelineView.m */,
			);
			name = "Day View";
			sourceTree = "<group>";
		};
		3B027BB90FFC77CC004A23C5 /* Cells */ = {
			isa = PBXGroup;
			children = (
				3B0280B80FFD7ADA004A23C5 /* Label */,
				3B0280540FFD77E8004A23C5 /* TKButtonCell.h */,
				3B0280550FFD77E8004A23C5 /* TKButtonCell.m */,
				3B96F25F10269DAA006D6EDD /* TKTextViewCell.h */,
				3B96F26010269DAA006D6EDD /* TKTextViewCell.m */,
				3B96F2E31026A7DC006D6EDD /* TKSwitchCell.h */,
				3B96F2E41026A7DC006D6EDD /* TKSwitchCell.m */,
				3B0286270FFFC607004A23C5 /* Fast */,
			);
			name = Cells;
			sourceTree = "<group>";
		};
		3B0280B80FFD7ADA004A23C5 /* Label */ = {
			isa = PBXGroup;
			children = (
				3B0279050FFC55A8004A23C5 /* TKLabelCell.h */,
				3B0279060FFC55A8004A23C5 /* TKLabelCell.m */,
				3B027A370FFC623B004A23C5 /* TKLabelTextViewCell.h */,
				3B027A380FFC623B004A23C5 /* TKLabelTextViewCell.m */,
				3B027AE00FFC674F004A23C5 /* TKLabelTextFieldCell.h */,
				3B027AE10FFC674F004A23C5 /* TKLabelTextFieldCell.m */,
				3B027B540FFC6F43004A23C5 /* TKLabelFieldCell.h */,
				3B027B550FFC6F43004A23C5 /* TKLabelFieldCell.m */,
				3B0280B30FFD7AD3004A23C5 /* TKLabelSwitchCell.h */,
				3B0280B40FFD7AD3004A23C5 /* TKLabelSwitchCell.m */,
			);
			name = Label;
			sourceTree = "<group>";
		};
		3B0286270FFFC607004A23C5 /* Fast */ = {
			isa = PBXGroup;
			children = (
				3B02862A0FFFC660004A23C5 /* FSIndicatorCell.h */,
				3B02862B0FFFC660004A23C5 /* FSIndicatorCell.m */,
				3B907C901014FB06006FEA40 /* FSSubtitleCell.h */,
				3B907C911014FB06006FEA40 /* FSSubtitleCell.m */,
				3B0286220FFFC5F3004A23C5 /* ABTableViewCell.h */,
				3B0286230FFFC5F3004A23C5 /* ABTableViewCell.m */,
			);
			name = Fast;
			sourceTree = "<group>";
		};
		3B583418101152A60082E0D8 /* Graph */ = {
			isa = PBXGroup;
			children = (
				3B702C58101AA082008C3D59 /* TKTimeGraphController.h */,
				3B702C59101AA082008C3D59 /* TKTimeGraphController.m */,
				3B583413101152A40082E0D8 /* TKTimeGraph.h */,
				3B583414101152A40082E0D8 /* TKTimeGraph.m */,
			);
			name = Graph;
			sourceTree = "<group>";
		};
		3B723348100BB69B00816B29 /* HUD */ = {
			isa = PBXGroup;
			children = (
				3B027BBC0FFC77D8004A23C5 /* LoadingHUDView.h */,
				3B027BBD0FFC77D8004A23C5 /* LoadingHUDView.m */,
			);
			name = HUD;
			sourceTree = "<group>";
		};
		3B723349100BB6A000816B29 /* Map */ = {
			isa = PBXGroup;
			children = (
				3B7228DE1009221D00816B29 /* TKMapView.h */,
				3B7228DF1009221D00816B29 /* TKMapView.m */,
				3B722A401009339100816B29 /* TKPlace.h */,
				3B722A411009339100816B29 /* TKPlace.m */,
			);
			name = Map;
			sourceTree = "<group>";
		};
		3B723350100BB6CD00816B29 /* Overview View Controller */ = {
			isa = PBXGroup;
			children = (
				3B72334C100BB6C700816B29 /* TKOverviewTableViewController.h */,
				3B72334D100BB6C700816B29 /* TKOverviewTableViewController.m */,
				3B72337D100BB8E400816B29 /* TKOverviewHeaderView.h */,
				3B72337E100BB8E400816B29 /* TKOverviewHeaderView.m */,
				3B907D511015071A006FEA40 /* TKOverviewIndicatorView.h */,
				3B907D521015071A006FEA40 /* TKOverviewIndicatorView.m */,
			);
			name = "Overview View Controller";
			sourceTree = "<group>";
		};
		3B96E6BC10240B2F006D6EDD /* Calendar */ = {
			isa = PBXGroup;
			children = (
				3ABD69C7108B48DB0039AD14 /* Month View */,
				3ABD69C8108B49160039AD14 /* Day View */,
			);
			name = Calendar;
			sourceTree = "<group>";
		};
		3B9D4933101BA7C500FEF5E2 /* Global */ = {
			isa = PBXGroup;
			children = (
				3B9D47DC101B995C00FEF5E2 /* TKGlobal.h */,
				3B9D47DD101B995C00FEF5E2 /* TKGlobal.m */,
				3B9D4842101BA33600FEF5E2 /* UIImageAdditions.h */,
				3B9D4843101BA33600FEF5E2 /* UIImageAdditions.m */,
				3B9D4B2C101BFFF700FEF5E2 /* UIViewAdditions.h */,
				3B9D4B2D101BFFF700FEF5E2 /* UIViewAdditions.m */,
				3B96E6AB10240B19006D6EDD /* NSDateAdditions.h */,
				3B96E6AC10240B19006D6EDD /* NSDateAdditions.m */,
			);
			name = Global;
			sourceTree = "<group>";
		};
		3BAD758D101A9681002363FD /* Empty View */ = {
			isa = PBXGroup;
			children = (
				3BAD71601019B1E9002363FD /* TKEmptyView.h */,
				3BAD71611019B1E9002363FD /* TKEmptyView.m */,
			);
			name = "Empty View";
			sourceTree = "<group>";
		};
/* End PBXGroup section */

/* Begin PBXHeadersBuildPhase section */
		D2AAC07A0554694100DB518D /* Headers */ = {
			isa = PBXHeadersBuildPhase;
			buildActionMask = 2147483647;
			files = (
				AA747D9F0F9514B9006C5449 /* TapkuLibrary_Prefix.pch in Headers */,
				3B0279070FFC55A8004A23C5 /* TKLabelCell.h in Headers */,
				3B0279390FFC598A004A23C5 /* TapkuLibrary.h in Headers */,
				3B027A390FFC623B004A23C5 /* TKLabelTextViewCell.h in Headers */,
				3B027AE20FFC674F004A23C5 /* TKLabelTextFieldCell.h in Headers */,
				3B027B560FFC6F43004A23C5 /* TKLabelFieldCell.h in Headers */,
				3B027BBE0FFC77D8004A23C5 /* LoadingHUDView.h in Headers */,
				3B0280560FFD77E8004A23C5 /* TKButtonCell.h in Headers */,
				3B0280B50FFD7AD3004A23C5 /* TKLabelSwitchCell.h in Headers */,
				3B0286240FFFC5F3004A23C5 /* ABTableViewCell.h in Headers */,
				3B02862C0FFFC660004A23C5 /* FSIndicatorCell.h in Headers */,
				3B7228E01009221D00816B29 /* TKMapView.h in Headers */,
				3B722A421009339100816B29 /* TKPlace.h in Headers */,
				3B72334E100BB6C700816B29 /* TKOverviewTableViewController.h in Headers */,
				3B72337F100BB8E400816B29 /* TKOverviewHeaderView.h in Headers */,
				3B583415101152A40082E0D8 /* TKTimeGraph.h in Headers */,
				3B907C921014FB06006FEA40 /* FSSubtitleCell.h in Headers */,
				3B907D531015071A006FEA40 /* TKOverviewIndicatorView.h in Headers */,
				3BAD71621019B1E9002363FD /* TKEmptyView.h in Headers */,
				3B702C5A101AA082008C3D59 /* TKTimeGraphController.h in Headers */,
				3B9D47DE101B995C00FEF5E2 /* TKGlobal.h in Headers */,
				3B9D4844101BA33600FEF5E2 /* UIImageAdditions.h in Headers */,
				3B9D4B2E101BFFF700FEF5E2 /* UIViewAdditions.h in Headers */,
				3B96E6AD10240B19006D6EDD /* NSDateAdditions.h in Headers */,
				3B96E6B510240B2D006D6EDD /* TKCalendarViewController.h in Headers */,
				3B96E6B710240B2D006D6EDD /* TKCalendarView.h in Headers */,
				3B96E6B910240B2D006D6EDD /* TKCalendarMonthView.h in Headers */,
				3B96F26110269DAA006D6EDD /* TKTextViewCell.h in Headers */,
				3B96F2E51026A7DC006D6EDD /* TKSwitchCell.h in Headers */,
				3ABD69CB108B49C50039AD14 /* ODCalendarDayTimelineView.h in Headers */,
				3ABD6A19108B64000039AD14 /* ODCalendarDayViewController.h in Headers */,
				3A9D67E8108CAB8E00F70559 /* ODCalendarDayEvent.h in Headers */,
			);
			runOnlyForDeploymentPostprocessing = 0;
		};
/* End PBXHeadersBuildPhase section */

/* Begin PBXNativeTarget section */
		D2AAC07D0554694100DB518D /* TapkuLibrary */ = {
			isa = PBXNativeTarget;
			buildConfigurationList = 1DEB921E08733DC00010E9CD /* Build configuration list for PBXNativeTarget "TapkuLibrary" */;
			buildPhases = (
				D2AAC07A0554694100DB518D /* Headers */,
				D2AAC07B0554694100DB518D /* Sources */,
				D2AAC07C0554694100DB518D /* Frameworks */,
			);
			buildRules = (
			);
			dependencies = (
			);
			name = TapkuLibrary;
			productName = TapkuLibrary;
			productReference = D2AAC07E0554694100DB518D /* libTapkuLibrary.a */;
			productType = "com.apple.product-type.library.static";
		};
/* End PBXNativeTarget section */

/* Begin PBXProject section */
		0867D690FE84028FC02AAC07 /* Project object */ = {
			isa = PBXProject;
			buildConfigurationList = 1DEB922208733DC00010E9CD /* Build configuration list for PBXProject "TapkuLibrary" */;
			compatibilityVersion = "Xcode 3.1";
			hasScannedForEncodings = 1;
			mainGroup = 0867D691FE84028FC02AAC07 /* TapkuLibrary */;
			productRefGroup = 034768DFFF38A50411DB9C8B /* Products */;
			projectDirPath = "";
			projectRoot = "";
			targets = (
				D2AAC07D0554694100DB518D /* TapkuLibrary */,
			);
		};
/* End PBXProject section */

/* Begin PBXSourcesBuildPhase section */
		D2AAC07B0554694100DB518D /* Sources */ = {
			isa = PBXSourcesBuildPhase;
			buildActionMask = 2147483647;
			files = (
				3B0279080FFC55A8004A23C5 /* TKLabelCell.m in Sources */,
				3B027A3A0FFC623B004A23C5 /* TKLabelTextViewCell.m in Sources */,
				3B027AE30FFC674F004A23C5 /* TKLabelTextFieldCell.m in Sources */,
				3B027B570FFC6F43004A23C5 /* TKLabelFieldCell.m in Sources */,
				3B027BBF0FFC77D8004A23C5 /* LoadingHUDView.m in Sources */,
				3B0280570FFD77E8004A23C5 /* TKButtonCell.m in Sources */,
				3B0280B60FFD7AD3004A23C5 /* TKLabelSwitchCell.m in Sources */,
				3B0286250FFFC5F3004A23C5 /* ABTableViewCell.m in Sources */,
				3B02862D0FFFC660004A23C5 /* FSIndicatorCell.m in Sources */,
				3B7228E11009221D00816B29 /* TKMapView.m in Sources */,
				3B722A431009339100816B29 /* TKPlace.m in Sources */,
				3B72334F100BB6C700816B29 /* TKOverviewTableViewController.m in Sources */,
				3B723380100BB8E400816B29 /* TKOverviewHeaderView.m in Sources */,
				3B583416101152A40082E0D8 /* TKTimeGraph.m in Sources */,
				3B907C931014FB06006FEA40 /* FSSubtitleCell.m in Sources */,
				3B907D541015071A006FEA40 /* TKOverviewIndicatorView.m in Sources */,
				3BAD71631019B1E9002363FD /* TKEmptyView.m in Sources */,
				3B702C5B101AA082008C3D59 /* TKTimeGraphController.m in Sources */,
				3B9D47DF101B995C00FEF5E2 /* TKGlobal.m in Sources */,
				3B9D4845101BA33600FEF5E2 /* UIImageAdditions.m in Sources */,
				3B9D4B2F101BFFF700FEF5E2 /* UIViewAdditions.m in Sources */,
				3B96E6AE10240B19006D6EDD /* NSDateAdditions.m in Sources */,
				3B96E6B610240B2D006D6EDD /* TKCalendarViewController.m in Sources */,
				3B96E6B810240B2D006D6EDD /* TKCalendarView.m in Sources */,
				3B96E6BA10240B2D006D6EDD /* TKCalendarMonthView.m in Sources */,
				3B96F26210269DAA006D6EDD /* TKTextViewCell.m in Sources */,
				3B96F2E61026A7DC006D6EDD /* TKSwitchCell.m in Sources */,
				3ABD69CC108B49C50039AD14 /* ODCalendarDayTimelineView.m in Sources */,
				3ABD6A1A108B64000039AD14 /* ODCalendarDayViewController.m in Sources */,
				3A9D67E9108CAB8E00F70559 /* ODCalendarDayEvent.m in Sources */,
			);
			runOnlyForDeploymentPostprocessing = 0;
		};
/* End PBXSourcesBuildPhase section */

/* Begin XCBuildConfiguration section */
		1DEB921F08733DC00010E9CD /* Debug */ = {
			isa = XCBuildConfiguration;
			buildSettings = {
				ALWAYS_SEARCH_USER_PATHS = NO;
				ARCHS = "$(ARCHS_STANDARD_32_BIT)";
				COPY_PHASE_STRIP = NO;
				DSTROOT = /tmp/TapkuLibrary.dst;
				GCC_DYNAMIC_NO_PIC = NO;
				GCC_ENABLE_FIX_AND_CONTINUE = YES;
				GCC_MODEL_TUNING = G5;
				GCC_OPTIMIZATION_LEVEL = 0;
				GCC_PRECOMPILE_PREFIX_HEADER = YES;
				GCC_PREFIX_HEADER = TapkuLibrary_Prefix.pch;
				INSTALL_PATH = /usr/local/lib;
				PRODUCT_NAME = TapkuLibrary;
			};
			name = Debug;
		};
		1DEB922008733DC00010E9CD /* Release */ = {
			isa = XCBuildConfiguration;
			buildSettings = {
				ALWAYS_SEARCH_USER_PATHS = NO;
				ARCHS = "$(ARCHS_STANDARD_32_BIT)";
				DSTROOT = /tmp/TapkuLibrary.dst;
				GCC_MODEL_TUNING = G5;
				GCC_PRECOMPILE_PREFIX_HEADER = YES;
				GCC_PREFIX_HEADER = TapkuLibrary_Prefix.pch;
				INSTALL_PATH = /usr/local/lib;
				PRODUCT_NAME = TapkuLibrary;
			};
			name = Release;
		};
		1DEB922308733DC00010E9CD /* Debug */ = {
			isa = XCBuildConfiguration;
			buildSettings = {
				ARCHS = "$(ARCHS_STANDARD_32_BIT)";
				GCC_C_LANGUAGE_STANDARD = c99;
				GCC_OPTIMIZATION_LEVEL = 0;
				GCC_WARN_ABOUT_RETURN_TYPE = YES;
				GCC_WARN_UNUSED_VARIABLE = YES;
				OTHER_LDFLAGS = (
					"-all_load",
					"-ObjC",
				);
				PREBINDING = NO;
				SDKROOT = iphoneos3.0;
			};
			name = Debug;
		};
		1DEB922408733DC00010E9CD /* Release */ = {
			isa = XCBuildConfiguration;
			buildSettings = {
				ARCHS = "$(ARCHS_STANDARD_32_BIT)";
				GCC_C_LANGUAGE_STANDARD = c99;
				GCC_WARN_ABOUT_RETURN_TYPE = YES;
				GCC_WARN_UNUSED_VARIABLE = YES;
				OTHER_LDFLAGS = (
					"-all_load",
					"-ObjC",
				);
				PREBINDING = NO;
				SDKROOT = iphoneos3.0;
			};
			name = Release;
		};
/* End XCBuildConfiguration section */

/* Begin XCConfigurationList section */
		1DEB921E08733DC00010E9CD /* Build configuration list for PBXNativeTarget "TapkuLibrary" */ = {
			isa = XCConfigurationList;
			buildConfigurations = (
				1DEB921F08733DC00010E9CD /* Debug */,
				1DEB922008733DC00010E9CD /* Release */,
			);
			defaultConfigurationIsVisible = 0;
			defaultConfigurationName = Release;
		};
		1DEB922208733DC00010E9CD /* Build configuration list for PBXProject "TapkuLibrary" */ = {
			isa = XCConfigurationList;
			buildConfigurations = (
				1DEB922308733DC00010E9CD /* Debug */,
				1DEB922408733DC00010E9CD /* Release */,
			);
			defaultConfigurationIsVisible = 0;
			defaultConfigurationName = Release;
		};
/* End XCConfigurationList section */
	};
	rootObject = 0867D690FE84028FC02AAC07 /* Project object */;
}
